// !$*UTF8*$!
{
	archiveVersion = 1;
	classes = {
	};
	objectVersion = 46;
	objects = {

/* Begin PBXBuildFile section */
		BCBEC0091399945300FB5FA9 /* UIKit.framework in Frameworks */ = {isa = PBXBuildFile; fileRef = BCBEC0081399945300FB5FA9 /* UIKit.framework */; };
		BCBEC00B1399945300FB5FA9 /* Foundation.framework in Frameworks */ = {isa = PBXBuildFile; fileRef = BCBEC00A1399945300FB5FA9 /* Foundation.framework */; };
		BCBEC00D1399945300FB5FA9 /* CoreGraphics.framework in Frameworks */ = {isa = PBXBuildFile; fileRef = BCBEC00C1399945300FB5FA9 /* CoreGraphics.framework */; };
		BCBEC0131399945300FB5FA9 /* InfoPlist.strings in Resources */ = {isa = PBXBuildFile; fileRef = BCBEC0111399945300FB5FA9 /* InfoPlist.strings */; };
		BCBEC0161399945300FB5FA9 /* main.m in Sources */ = {isa = PBXBuildFile; fileRef = BCBEC0151399945300FB5FA9 /* main.m */; };
		BCBEC0191399945300FB5FA9 /* TestCocoaBirdAppDelegate.m in Sources */ = {isa = PBXBuildFile; fileRef = BCBEC0181399945300FB5FA9 /* TestCocoaBirdAppDelegate.m */; };
		BCBEC01C1399945300FB5FA9 /* MainWindow.xib in Resources */ = {isa = PBXBuildFile; fileRef = BCBEC01A1399945300FB5FA9 /* MainWindow.xib */; };
/* End PBXBuildFile section */

/* Begin PBXFileReference section */
		BCBEC0041399945300FB5FA9 /* TestCocoaBird.app */ = {isa = PBXFileReference; explicitFileType = wrapper.application; includeInIndex = 0; path = TestCocoaBird.app; sourceTree = BUILT_PRODUCTS_DIR; };
		BCBEC0081399945300FB5FA9 /* UIKit.framework */ = {isa = PBXFileReference; lastKnownFileType = wrapper.framework; name = UIKit.framework; path = System/Library/Frameworks/UIKit.framework; sourceTree = SDKROOT; };
		BCBEC00A1399945300FB5FA9 /* Foundation.framework */ = {isa = PBXFileReference; lastKnownFileType = wrapper.framework; name = Foundation.framework; path = System/Library/Frameworks/Foundation.framework; sourceTree = SDKROOT; };
		BCBEC00C1399945300FB5FA9 /* CoreGraphics.framework */ = {isa = PBXFileReference; lastKnownFileType = wrapper.framework; name = CoreGraphics.framework; path = System/Library/Frameworks/CoreGraphics.framework; sourceTree = SDKROOT; };
		BCBEC0101399945300FB5FA9 /* TestCocoaBird-Info.plist */ = {isa = PBXFileReference; lastKnownFileType = text.plist.xml; path = "TestCocoaBird-Info.plist"; sourceTree = "<group>"; };
		BCBEC0121399945300FB5FA9 /* en */ = {isa = PBXFileReference; lastKnownFileType = text.plist.strings; name = en; path = en.lproj/InfoPlist.strings; sourceTree = "<group>"; };
		BCBEC0141399945300FB5FA9 /* TestCocoaBird-Prefix.pch */ = {isa = PBXFileReference; lastKnownFileType = sourcecode.c.h; path = "TestCocoaBird-Prefix.pch"; sourceTree = "<group>"; };
		BCBEC0151399945300FB5FA9 /* main.m */ = {isa = PBXFileReference; lastKnownFileType = sourcecode.c.objc; path = main.m; sourceTree = "<group>"; };
		BCBEC0171399945300FB5FA9 /* TestCocoaBirdAppDelegate.h */ = {isa = PBXFileReference; lastKnownFileType = sourcecode.c.h; path = TestCocoaBirdAppDelegate.h; sourceTree = "<group>"; };
		BCBEC0181399945300FB5FA9 /* TestCocoaBirdAppDelegate.m */ = {isa = PBXFileReference; lastKnownFileType = sourcecode.c.objc; path = TestCocoaBirdAppDelegate.m; sourceTree = "<group>"; };
		BCBEC01B1399945300FB5FA9 /* en */ = {isa = PBXFileReference; lastKnownFileType = file.xib; name = en; path = en.lproj/MainWindow.xib; sourceTree = "<group>"; };
/* End PBXFileReference section */

/* Begin PBXFrameworksBuildPhase section */
		BCBEC0011399945300FB5FA9 /* Frameworks */ = {
			isa = PBXFrameworksBuildPhase;
			buildActionMask = 2147483647;
			files = (
				BCBEC0091399945300FB5FA9 /* UIKit.framework in Frameworks */,
				BCBEC00B1399945300FB5FA9 /* Foundation.framework in Frameworks */,
				BCBEC00D1399945300FB5FA9 /* CoreGraphics.framework in Frameworks */,
			);
			runOnlyForDeploymentPostprocessing = 0;
		};
/* End PBXFrameworksBuildPhase section */

/* Begin PBXGroup section */
		BCBEBFF91399945300FB5FA9 = {
			isa = PBXGroup;
			children = (
				BCBEC0221399946200FB5FA9 /* CocoaBird */,
				BCBEC00E1399945300FB5FA9 /* TestCocoaBird */,
				BCBEC0071399945300FB5FA9 /* Frameworks */,
				BCBEC0051399945300FB5FA9 /* Products */,
			);
			sourceTree = "<group>";
		};
		BCBEC0051399945300FB5FA9 /* Products */ = {
			isa = PBXGroup;
			children = (
				BCBEC0041399945300FB5FA9 /* TestCocoaBird.app */,
			);
			name = Products;
			sourceTree = "<group>";
		};
		BCBEC0071399945300FB5FA9 /* Frameworks */ = {
			isa = PBXGroup;
			children = (
				BCBEC0081399945300FB5FA9 /* UIKit.framework */,
				BCBEC00A1399945300FB5FA9 /* Foundation.framework */,
				BCBEC00C1399945300FB5FA9 /* CoreGraphics.framework */,
			);
			name = Frameworks;
			sourceTree = "<group>";
		};
		BCBEC00E1399945300FB5FA9 /* TestCocoaBird */ = {
			isa = PBXGroup;
			children = (
				BCBEC0171399945300FB5FA9 /* TestCocoaBirdAppDelegate.h */,
				BCBEC0181399945300FB5FA9 /* TestCocoaBirdAppDelegate.m */,
				BCBEC01A1399945300FB5FA9 /* MainWindow.xib */,
				BCBEC00F1399945300FB5FA9 /* Supporting Files */,
			);
			path = TestCocoaBird;
			sourceTree = "<group>";
		};
		BCBEC00F1399945300FB5FA9 /* Supporting Files */ = {
			isa = PBXGroup;
			children = (
				BCBEC0101399945300FB5FA9 /* TestCocoaBird-Info.plist */,
				BCBEC0111399945300FB5FA9 /* InfoPlist.strings */,
				BCBEC0141399945300FB5FA9 /* TestCocoaBird-Prefix.pch */,
				BCBEC0151399945300FB5FA9 /* main.m */,
			);
			name = "Supporting Files";
			sourceTree = "<group>";
		};
		BCBEC0221399946200FB5FA9 /* CocoaBird */ = {
			isa = PBXGroup;
			children = (
			);
			name = CocoaBird;
			path = ../CocoaBird;
			sourceTree = "<group>";
		};
/* End PBXGroup section */

/* Begin PBXNativeTarget section */
		BCBEC0031399945300FB5FA9 /* TestCocoaBird */ = {
			isa = PBXNativeTarget;
			buildConfigurationList = BCBEC01F1399945300FB5FA9 /* Build configuration list for PBXNativeTarget "TestCocoaBird" */;
			buildPhases = (
				BCBEC0001399945300FB5FA9 /* Sources */,
				BCBEC0011399945300FB5FA9 /* Frameworks */,
				BCBEC0021399945300FB5FA9 /* Resources */,
			);
			buildRules = (
			);
			dependencies = (
			);
			name = TestCocoaBird;
			productName = TestCocoaBird;
			productReference = BCBEC0041399945300FB5FA9 /* TestCocoaBird.app */;
			productType = "com.apple.product-type.application";
		};
/* End PBXNativeTarget section */

/* Begin PBXProject section */
		BCBEBFFB1399945300FB5FA9 /* Project object */ = {
			isa = PBXProject;
			buildConfigurationList = BCBEBFFE1399945300FB5FA9 /* Build configuration list for PBXProject "TestCocoaBird" */;
			compatibilityVersion = "Xcode 3.2";
			developmentRegion = English;
			hasScannedForEncodings = 0;
			knownRegions = (
				en,
			);
			mainGroup = BCBEBFF91399945300FB5FA9;
			productRefGroup = BCBEC0051399945300FB5FA9 /* Products */;
			projectDirPath = "";
			projectRoot = "";
			targets = (
				BCBEC0031399945300FB5FA9 /* TestCocoaBird */,
			);
		};
/* End PBXProject section */

/* Begin PBXResourcesBuildPhase section */
		BCBEC0021399945300FB5FA9 /* Resources */ = {
			isa = PBXResourcesBuildPhase;
			buildActionMask = 2147483647;
			files = (
				BCBEC0131399945300FB5FA9 /* InfoPlist.strings in Resources */,
				BCBEC01C1399945300FB5FA9 /* MainWindow.xib in Resources */,
			);
			runOnlyForDeploymentPostprocessing = 0;
		};
/* End PBXResourcesBuildPhase section */

/* Begin PBXSourcesBuildPhase section */
		BCBEC0001399945300FB5FA9 /* Sources */ = {
			isa = PBXSourcesBuildPhase;
			buildActionMask = 2147483647;
			files = (
				BCBEC0161399945300FB5FA9 /* main.m in Sources */,
				BCBEC0191399945300FB5FA9 /* TestCocoaBirdAppDelegate.m in Sources */,
			);
			runOnlyForDeploymentPostprocessing = 0;
		};
/* End PBXSourcesBuildPhase section */

/* Begin PBXVariantGroup section */
		BCBEC0111399945300FB5FA9 /* InfoPlist.strings */ = {
			isa = PBXVariantGroup;
			children = (
				BCBEC0121399945300FB5FA9 /* en */,
			);
			name = InfoPlist.strings;
			sourceTree = "<group>";
		};
		BCBEC01A1399945300FB5FA9 /* MainWindow.xib */ = {
			isa = PBXVariantGroup;
			children = (
				BCBEC01B1399945300FB5FA9 /* en */,
			);
			name = MainWindow.xib;
			sourceTree = "<group>";
		};
/* End PBXVariantGroup section */

/* Begin XCBuildConfiguration section */
		BCBEC01D1399945300FB5FA9 /* Debug */ = {
			isa = XCBuildConfiguration;
			buildSettings = {
				ARCHS = "$(ARCHS_STANDARD_32_BIT)";
				"CODE_SIGN_IDENTITY[sdk=iphoneos*]" = "iPhone Developer";
				GCC_C_LANGUAGE_STANDARD = gnu99;
				GCC_OPTIMIZATION_LEVEL = 0;
				GCC_PREPROCESSOR_DEFINITIONS = DEBUG;
				GCC_SYMBOLS_PRIVATE_EXTERN = NO;
				GCC_VERSION = com.apple.compilers.llvmgcc42;
				GCC_WARN_ABOUT_RETURN_TYPE = YES;
				GCC_WARN_UNUSED_VARIABLE = YES;
				IPHONEOS_DEPLOYMENT_TARGET = 4.3;
				SDKROOT = iphoneos;
			};
			name = Debug;
		};
		BCBEC01E1399945300FB5FA9 /* Release */ = {
			isa = XCBuildConfiguration;
			buildSettings = {
				ARCHS = "$(ARCHS_STANDARD_32_BIT)";
				"CODE_SIGN_IDENTITY[sdk=iphoneos*]" = "iPhone Developer";
				GCC_C_LANGUAGE_STANDARD = gnu99;
				GCC_VERSION = com.apple.compilers.llvmgcc42;
				GCC_WARN_ABOUT_RETURN_TYPE = YES;
				GCC_WARN_UNUSED_VARIABLE = YES;
				IPHONEOS_DEPLOYMENT_TARGET = 4.3;
				OTHER_CFLAGS = "-DNS_BLOCK_ASSERTIONS=1";
				SDKROOT = iphoneos;
			};
			name = Release;
		};
		BCBEC0201399945300FB5FA9 /* Debug */ = {
			isa = XCBuildConfiguration;
			buildSettings = {
				ALWAYS_SEARCH_USER_PATHS = NO;
				COPY_PHASE_STRIP = NO;
				GCC_DYNAMIC_NO_PIC = NO;
				GCC_PRECOMPILE_PREFIX_HEADER = YES;
				GCC_PREFIX_HEADER = "TestCocoaBird/TestCocoaBird-Prefix.pch";
				INFOPLIST_FILE = "TestCocoaBird/TestCocoaBird-Info.plist";
				PRODUCT_NAME = "$(TARGET_NAME)";
				WRAPPER_EXTENSION = app;
			};
			name = Debug;
		};
		BCBEC0211399945300FB5FA9 /* Release */ = {
			isa = XCBuildConfiguration;
			buildSettings = {
				ALWAYS_SEARCH_USER_PATHS = NO;
				COPY_PHASE_STRIP = YES;
				GCC_PRECOMPILE_PREFIX_HEADER = YES;
				GCC_PREFIX_HEADER = "TestCocoaBird/TestCocoaBird-Prefix.pch";
				INFOPLIST_FILE = "TestCocoaBird/TestCocoaBird-Info.plist";
				PRODUCT_NAME = "$(TARGET_NAME)";
				VALIDATE_PRODUCT = YES;
				WRAPPER_EXTENSION = app;
			};
			name = Release;
		};
/* End XCBuildConfiguration section */

/* Begin XCConfigurationList section */
		BCBEBFFE1399945300FB5FA9 /* Build configuration list for PBXProject "TestCocoaBird" */ = {
			isa = XCConfigurationList;
			buildConfigurations = (
				BCBEC01D1399945300FB5FA9 /* Debug */,
				BCBEC01E1399945300FB5FA9 /* Release */,
			);
			defaultConfigurationIsVisible = 0;
			defaultConfigurationName = Release;
		};
		BCBEC01F1399945300FB5FA9 /* Build configuration list for PBXNativeTarget "TestCocoaBird" */ = {
			isa = XCConfigurationList;
			buildConfigurations = (
				BCBEC0201399945300FB5FA9 /* Debug */,
				BCBEC0211399945300FB5FA9 /* Release */,
			);
			defaultConfigurationIsVisible = 0;
		};
/* End XCConfigurationList section */
	};
	rootObject = BCBEBFFB1399945300FB5FA9 /* Project object */;
}
