// !$*UTF8*$!
{
	archiveVersion = 1;
	classes = {
	};
	objectVersion = 46;
	objects = {

/* Begin PBXBuildFile section */
		BC3D2A341399B2A500C56B9C /* RootController.m in Sources */ = {isa = PBXBuildFile; fileRef = BC3D2A321399B2A500C56B9C /* RootController.m */; };
		BC3D2A351399B2A500C56B9C /* RootController.xib in Resources */ = {isa = PBXBuildFile; fileRef = BC3D2A331399B2A500C56B9C /* RootController.xib */; };
		BC3D2A3A1399B73300C56B9C /* CocoaBird.m in Sources */ = {isa = PBXBuildFile; fileRef = BC3D2A391399B73300C56B9C /* CocoaBird.m */; };
		BC3D2A4D1399BA3900C56B9C /* CocoaBirdSettings.m in Sources */ = {isa = PBXBuildFile; fileRef = BC3D2A4C1399BA3900C56B9C /* CocoaBirdSettings.m */; };
		BC3D2A581399BF3000C56B9C /* CocoaBirdAuthenticator.m in Sources */ = {isa = PBXBuildFile; fileRef = BC3D2A571399BF3000C56B9C /* CocoaBirdAuthenticator.m */; };
		BC3D2A5C1399E6EA00C56B9C /* CocoaBirdAuthenticatorViewController.m in Sources */ = {isa = PBXBuildFile; fileRef = BC3D2A5A1399E6EA00C56B9C /* CocoaBirdAuthenticatorViewController.m */; };
		BC3D2A5D1399E6EA00C56B9C /* CocoaBirdAuthenticatorViewController.xib in Resources */ = {isa = PBXBuildFile; fileRef = BC3D2A5B1399E6EA00C56B9C /* CocoaBirdAuthenticatorViewController.xib */; };
		BC3D2A91139ABADF00C56B9C /* CocoaBirdModal.m in Sources */ = {isa = PBXBuildFile; fileRef = BC3D2A90139ABADF00C56B9C /* CocoaBirdModal.m */; };
		BC3D2B2C139AED9000C56B9C /* NSMutableURLRequest+Parameters.m in Sources */ = {isa = PBXBuildFile; fileRef = BC3D2B05139AED9000C56B9C /* NSMutableURLRequest+Parameters.m */; };
		BC3D2B2D139AED9000C56B9C /* NSString+URLEncoding.m in Sources */ = {isa = PBXBuildFile; fileRef = BC3D2B07139AED9000C56B9C /* NSString+URLEncoding.m */; };
		BC3D2B2E139AED9000C56B9C /* NSURL+Base.m in Sources */ = {isa = PBXBuildFile; fileRef = BC3D2B09139AED9000C56B9C /* NSURL+Base.m */; };
		BC3D2B2F139AED9000C56B9C /* Base64Transcoder.c in Sources */ = {isa = PBXBuildFile; fileRef = BC3D2B0B139AED9000C56B9C /* Base64Transcoder.c */; };
		BC3D2B30139AED9000C56B9C /* hmac.c in Sources */ = {isa = PBXBuildFile; fileRef = BC3D2B0D139AED9000C56B9C /* hmac.c */; };
		BC3D2B31139AED9000C56B9C /* sha1.c in Sources */ = {isa = PBXBuildFile; fileRef = BC3D2B0F139AED9000C56B9C /* sha1.c */; };
		BC3D2B32139AED9000C56B9C /* OAAttachment.m in Sources */ = {isa = PBXBuildFile; fileRef = BC3D2B12139AED9000C56B9C /* OAAttachment.m */; };
		BC3D2B33139AED9000C56B9C /* OACall.m in Sources */ = {isa = PBXBuildFile; fileRef = BC3D2B14139AED9000C56B9C /* OACall.m */; };
		BC3D2B34139AED9000C56B9C /* OAConsumer.m in Sources */ = {isa = PBXBuildFile; fileRef = BC3D2B16139AED9000C56B9C /* OAConsumer.m */; };
		BC3D2B35139AED9000C56B9C /* OADataFetcher.m in Sources */ = {isa = PBXBuildFile; fileRef = BC3D2B18139AED9000C56B9C /* OADataFetcher.m */; };
		BC3D2B36139AED9000C56B9C /* OAHMAC_SHA1SignatureProvider.m in Sources */ = {isa = PBXBuildFile; fileRef = BC3D2B1A139AED9000C56B9C /* OAHMAC_SHA1SignatureProvider.m */; };
		BC3D2B37139AED9000C56B9C /* OAMutableURLRequest.m in Sources */ = {isa = PBXBuildFile; fileRef = BC3D2B1C139AED9000C56B9C /* OAMutableURLRequest.m */; };
		BC3D2B38139AED9000C56B9C /* OAPlaintextSignatureProvider.m in Sources */ = {isa = PBXBuildFile; fileRef = BC3D2B1E139AED9000C56B9C /* OAPlaintextSignatureProvider.m */; };
		BC3D2B39139AED9000C56B9C /* OAProblem.m in Sources */ = {isa = PBXBuildFile; fileRef = BC3D2B20139AED9000C56B9C /* OAProblem.m */; };
		BC3D2B3A139AED9000C56B9C /* OARequestParameter.m in Sources */ = {isa = PBXBuildFile; fileRef = BC3D2B22139AED9000C56B9C /* OARequestParameter.m */; };
		BC3D2B3B139AED9000C56B9C /* OAServiceTicket.m in Sources */ = {isa = PBXBuildFile; fileRef = BC3D2B24139AED9000C56B9C /* OAServiceTicket.m */; };
		BC3D2B3C139AED9000C56B9C /* OATestServer.rb in Resources */ = {isa = PBXBuildFile; fileRef = BC3D2B26139AED9000C56B9C /* OATestServer.rb */; };
		BC3D2B3D139AED9000C56B9C /* OAToken.m in Sources */ = {isa = PBXBuildFile; fileRef = BC3D2B28139AED9000C56B9C /* OAToken.m */; };
		BC3D2B3E139AED9000C56B9C /* OATokenManager.m in Sources */ = {isa = PBXBuildFile; fileRef = BC3D2B2A139AED9000C56B9C /* OATokenManager.m */; };
		BC3D2B41139AEF2900C56B9C /* CocoaBirdOAuthTokenRetriever.m in Sources */ = {isa = PBXBuildFile; fileRef = BC3D2B40139AEF2900C56B9C /* CocoaBirdOAuthTokenRetriever.m */; };
		BC3D2B64139BF23900C56B9C /* NSObject+SBJSON.m in Sources */ = {isa = PBXBuildFile; fileRef = BC3D2B58139BF23900C56B9C /* NSObject+SBJSON.m */; };
		BC3D2B65139BF23900C56B9C /* NSString+SBJSON.m in Sources */ = {isa = PBXBuildFile; fileRef = BC3D2B5A139BF23900C56B9C /* NSString+SBJSON.m */; };
		BC3D2B66139BF23900C56B9C /* SBJSON.m in Sources */ = {isa = PBXBuildFile; fileRef = BC3D2B5C139BF23900C56B9C /* SBJSON.m */; };
		BC3D2B67139BF23900C56B9C /* SBJsonBase.m in Sources */ = {isa = PBXBuildFile; fileRef = BC3D2B5E139BF23900C56B9C /* SBJsonBase.m */; };
		BC3D2B68139BF23900C56B9C /* SBJsonParser.m in Sources */ = {isa = PBXBuildFile; fileRef = BC3D2B60139BF23900C56B9C /* SBJsonParser.m */; };
		BC3D2B69139BF23900C56B9C /* SBJsonWriter.m in Sources */ = {isa = PBXBuildFile; fileRef = BC3D2B62139BF23900C56B9C /* SBJsonWriter.m */; };
		BC3D2B6E139BF38000C56B9C /* CBStatus.m in Sources */ = {isa = PBXBuildFile; fileRef = BC3D2B6D139BF38000C56B9C /* CBStatus.m */; };
		BC3D2B86139C187700C56B9C /* CBEntity.m in Sources */ = {isa = PBXBuildFile; fileRef = BC3D2B85139C187700C56B9C /* CBEntity.m */; };
		BC3D2B89139C1C1000C56B9C /* CBUser.m in Sources */ = {isa = PBXBuildFile; fileRef = BC3D2B88139C1C1000C56B9C /* CBUser.m */; };
		BC3D2B8C139C224A00C56B9C /* CBCoordinates.m in Sources */ = {isa = PBXBuildFile; fileRef = BC3D2B8B139C224900C56B9C /* CBCoordinates.m */; };
		BC3D2B8F139C232600C56B9C /* CBEntities.m in Sources */ = {isa = PBXBuildFile; fileRef = BC3D2B8E139C232500C56B9C /* CBEntities.m */; };
		BC3D2B92139C23FD00C56B9C /* CBMediaEntity.m in Sources */ = {isa = PBXBuildFile; fileRef = BC3D2B91139C23FD00C56B9C /* CBMediaEntity.m */; };
		BC3D2B95139C24EF00C56B9C /* CBMediaSizes.m in Sources */ = {isa = PBXBuildFile; fileRef = BC3D2B94139C24EF00C56B9C /* CBMediaSizes.m */; };
		BC3D2B98139C256600C56B9C /* CBMediaSize.m in Sources */ = {isa = PBXBuildFile; fileRef = BC3D2B97139C256500C56B9C /* CBMediaSize.m */; };
		BC3D2B9B139C275600C56B9C /* CBUrlEntity.m in Sources */ = {isa = PBXBuildFile; fileRef = BC3D2B9A139C275400C56B9C /* CBUrlEntity.m */; };
		BC3D2B9E139C27F900C56B9C /* CBUserMentionEntity.m in Sources */ = {isa = PBXBuildFile; fileRef = BC3D2B9D139C27F800C56B9C /* CBUserMentionEntity.m */; };
		BC3D2BA1139C287D00C56B9C /* CBHashTagEntity.m in Sources */ = {isa = PBXBuildFile; fileRef = BC3D2BA0139C287C00C56B9C /* CBHashTagEntity.m */; };
		BC3D2BA4139C29F900C56B9C /* CBPlace.m in Sources */ = {isa = PBXBuildFile; fileRef = BC3D2BA3139C29F800C56B9C /* CBPlace.m */; };
		BC3D2BA7139C2A6600C56B9C /* CBPlaceAttributes.m in Sources */ = {isa = PBXBuildFile; fileRef = BC3D2BA6139C2A6300C56B9C /* CBPlaceAttributes.m */; };
		BC3D2BAA139C2BFB00C56B9C /* CBBoundingBox.m in Sources */ = {isa = PBXBuildFile; fileRef = BC3D2BA9139C2BF900C56B9C /* CBBoundingBox.m */; };
		BC76989013999CF2009A7FA1 /* ASIAuthenticationDialog.m in Sources */ = {isa = PBXBuildFile; fileRef = BC76984213999CF2009A7FA1 /* ASIAuthenticationDialog.m */; };
		BC76989113999CF2009A7FA1 /* ASIDataCompressor.m in Sources */ = {isa = PBXBuildFile; fileRef = BC76984513999CF2009A7FA1 /* ASIDataCompressor.m */; };
		BC76989213999CF2009A7FA1 /* ASIDataDecompressor.m in Sources */ = {isa = PBXBuildFile; fileRef = BC76984713999CF2009A7FA1 /* ASIDataDecompressor.m */; };
		BC76989313999CF2009A7FA1 /* ASIDownloadCache.m in Sources */ = {isa = PBXBuildFile; fileRef = BC76984913999CF2009A7FA1 /* ASIDownloadCache.m */; };
		BC76989413999CF2009A7FA1 /* ASIFormDataRequest.m in Sources */ = {isa = PBXBuildFile; fileRef = BC76984B13999CF2009A7FA1 /* ASIFormDataRequest.m */; };
		BC76989613999CF2009A7FA1 /* ASIInputStream.m in Sources */ = {isa = PBXBuildFile; fileRef = BC76985113999CF2009A7FA1 /* ASIInputStream.m */; };
		BC76989713999CF2009A7FA1 /* ASINetworkQueue.m in Sources */ = {isa = PBXBuildFile; fileRef = BC76985313999CF2009A7FA1 /* ASINetworkQueue.m */; };
		BC76989813999CF2009A7FA1 /* ASIWebPageRequest.m in Sources */ = {isa = PBXBuildFile; fileRef = BC76985613999CF2009A7FA1 /* ASIWebPageRequest.m */; };
		BC76989913999CF2009A7FA1 /* ASICloudFilesCDNRequest.m in Sources */ = {isa = PBXBuildFile; fileRef = BC76985913999CF2009A7FA1 /* ASICloudFilesCDNRequest.m */; };
		BC76989A13999CF2009A7FA1 /* ASICloudFilesContainer.m in Sources */ = {isa = PBXBuildFile; fileRef = BC76985B13999CF2009A7FA1 /* ASICloudFilesContainer.m */; };
		BC76989B13999CF2009A7FA1 /* ASICloudFilesContainerRequest.m in Sources */ = {isa = PBXBuildFile; fileRef = BC76985D13999CF2009A7FA1 /* ASICloudFilesContainerRequest.m */; };
		BC76989C13999CF2009A7FA1 /* ASICloudFilesContainerXMLParserDelegate.m in Sources */ = {isa = PBXBuildFile; fileRef = BC76985F13999CF2009A7FA1 /* ASICloudFilesContainerXMLParserDelegate.m */; };
		BC76989D13999CF2009A7FA1 /* ASICloudFilesObject.m in Sources */ = {isa = PBXBuildFile; fileRef = BC76986113999CF2009A7FA1 /* ASICloudFilesObject.m */; };
		BC76989E13999CF2009A7FA1 /* ASICloudFilesObjectRequest.m in Sources */ = {isa = PBXBuildFile; fileRef = BC76986313999CF2009A7FA1 /* ASICloudFilesObjectRequest.m */; };
		BC76989F13999CF2009A7FA1 /* ASICloudFilesRequest.m in Sources */ = {isa = PBXBuildFile; fileRef = BC76986513999CF2009A7FA1 /* ASICloudFilesRequest.m */; };
		BC7698A013999CF2009A7FA1 /* ASIS3Bucket.m in Sources */ = {isa = PBXBuildFile; fileRef = BC76986913999CF2009A7FA1 /* ASIS3Bucket.m */; };
		BC7698A113999CF2009A7FA1 /* ASIS3BucketObject.m in Sources */ = {isa = PBXBuildFile; fileRef = BC76986B13999CF2009A7FA1 /* ASIS3BucketObject.m */; };
		BC7698A213999CF2009A7FA1 /* ASIS3BucketRequest.m in Sources */ = {isa = PBXBuildFile; fileRef = BC76986D13999CF2009A7FA1 /* ASIS3BucketRequest.m */; };
		BC7698A313999CF2009A7FA1 /* ASIS3ObjectRequest.m in Sources */ = {isa = PBXBuildFile; fileRef = BC76986F13999CF2009A7FA1 /* ASIS3ObjectRequest.m */; };
		BC7698A413999CF2009A7FA1 /* ASIS3Request.m in Sources */ = {isa = PBXBuildFile; fileRef = BC76987113999CF2009A7FA1 /* ASIS3Request.m */; };
		BC7698A513999CF2009A7FA1 /* ASIS3ServiceRequest.m in Sources */ = {isa = PBXBuildFile; fileRef = BC76987313999CF2009A7FA1 /* ASIS3ServiceRequest.m */; };
		BC7698B513999D3C009A7FA1 /* libxml2.dylib in Frameworks */ = {isa = PBXBuildFile; fileRef = BC7698B413999D3C009A7FA1 /* libxml2.dylib */; };
		BC7698B713999DCF009A7FA1 /* SystemConfiguration.framework in Frameworks */ = {isa = PBXBuildFile; fileRef = BC7698B613999DCF009A7FA1 /* SystemConfiguration.framework */; };
		BC7698B913999DDD009A7FA1 /* MobileCoreServices.framework in Frameworks */ = {isa = PBXBuildFile; fileRef = BC7698B813999DDD009A7FA1 /* MobileCoreServices.framework */; };
		BC7698BB13999DED009A7FA1 /* libz.1.2.3.dylib in Frameworks */ = {isa = PBXBuildFile; fileRef = BC7698BA13999DED009A7FA1 /* libz.1.2.3.dylib */; };
		BC7698BF13999F67009A7FA1 /* Reachability.m in Sources */ = {isa = PBXBuildFile; fileRef = BC7698BE13999F67009A7FA1 /* Reachability.m */; };
		BC7698C11399A00D009A7FA1 /* CFNetwork.framework in Frameworks */ = {isa = PBXBuildFile; fileRef = BC7698C01399A00D009A7FA1 /* CFNetwork.framework */; };
		BC7698CA1399A2CF009A7FA1 /* ASIBase64Transcoder.c in Sources */ = {isa = PBXBuildFile; fileRef = BC7698C31399A2CF009A7FA1 /* ASIBase64Transcoder.c */; };
		BC7698CB1399A2CF009A7FA1 /* ASIFormDataRequest+OAuth.m in Sources */ = {isa = PBXBuildFile; fileRef = BC7698C61399A2CF009A7FA1 /* ASIFormDataRequest+OAuth.m */; };
		BC7698CC1399A2CF009A7FA1 /* ASIHTTPRequest+OAuth.m in Sources */ = {isa = PBXBuildFile; fileRef = BC7698C81399A2CF009A7FA1 /* ASIHTTPRequest+OAuth.m */; };
		BC7698CD1399A2CF009A7FA1 /* ASIHTTPRequest.m in Sources */ = {isa = PBXBuildFile; fileRef = BC7698C91399A2CF009A7FA1 /* ASIHTTPRequest.m */; };
		BCBEC0091399945300FB5FA9 /* UIKit.framework in Frameworks */ = {isa = PBXBuildFile; fileRef = BCBEC0081399945300FB5FA9 /* UIKit.framework */; };
		BCBEC00B1399945300FB5FA9 /* Foundation.framework in Frameworks */ = {isa = PBXBuildFile; fileRef = BCBEC00A1399945300FB5FA9 /* Foundation.framework */; };
		BCBEC00D1399945300FB5FA9 /* CoreGraphics.framework in Frameworks */ = {isa = PBXBuildFile; fileRef = BCBEC00C1399945300FB5FA9 /* CoreGraphics.framework */; };
		BCBEC0131399945300FB5FA9 /* InfoPlist.strings in Resources */ = {isa = PBXBuildFile; fileRef = BCBEC0111399945300FB5FA9 /* InfoPlist.strings */; };
		BCBEC0161399945300FB5FA9 /* main.m in Sources */ = {isa = PBXBuildFile; fileRef = BCBEC0151399945300FB5FA9 /* main.m */; };
		BCBEC0191399945300FB5FA9 /* TestCocoaBirdAppDelegate.m in Sources */ = {isa = PBXBuildFile; fileRef = BCBEC0181399945300FB5FA9 /* TestCocoaBirdAppDelegate.m */; };
		BCBEC01C1399945300FB5FA9 /* MainWindow.xib in Resources */ = {isa = PBXBuildFile; fileRef = BCBEC01A1399945300FB5FA9 /* MainWindow.xib */; };
/* End PBXBuildFile section */

/* Begin PBXFileReference section */
		BC3D2A311399B2A500C56B9C /* RootController.h */ = {isa = PBXFileReference; fileEncoding = 4; lastKnownFileType = sourcecode.c.h; path = RootController.h; sourceTree = "<group>"; };
		BC3D2A321399B2A500C56B9C /* RootController.m */ = {isa = PBXFileReference; fileEncoding = 4; lastKnownFileType = sourcecode.c.objc; path = RootController.m; sourceTree = "<group>"; };
		BC3D2A331399B2A500C56B9C /* RootController.xib */ = {isa = PBXFileReference; fileEncoding = 4; lastKnownFileType = file.xib; path = RootController.xib; sourceTree = "<group>"; };
		BC3D2A381399B73300C56B9C /* CocoaBird.h */ = {isa = PBXFileReference; fileEncoding = 4; lastKnownFileType = sourcecode.c.h; path = CocoaBird.h; sourceTree = "<group>"; };
		BC3D2A391399B73300C56B9C /* CocoaBird.m */ = {isa = PBXFileReference; fileEncoding = 4; lastKnownFileType = sourcecode.c.objc; path = CocoaBird.m; sourceTree = "<group>"; };
		BC3D2A4B1399BA3900C56B9C /* CocoaBirdSettings.h */ = {isa = PBXFileReference; fileEncoding = 4; lastKnownFileType = sourcecode.c.h; path = CocoaBirdSettings.h; sourceTree = "<group>"; };
		BC3D2A4C1399BA3900C56B9C /* CocoaBirdSettings.m */ = {isa = PBXFileReference; fileEncoding = 4; lastKnownFileType = sourcecode.c.objc; path = CocoaBirdSettings.m; sourceTree = "<group>"; };
		BC3D2A561399BF3000C56B9C /* CocoaBirdAuthenticator.h */ = {isa = PBXFileReference; fileEncoding = 4; lastKnownFileType = sourcecode.c.h; path = CocoaBirdAuthenticator.h; sourceTree = "<group>"; };
		BC3D2A571399BF3000C56B9C /* CocoaBirdAuthenticator.m */ = {isa = PBXFileReference; fileEncoding = 4; lastKnownFileType = sourcecode.c.objc; path = CocoaBirdAuthenticator.m; sourceTree = "<group>"; };
		BC3D2A591399E6EA00C56B9C /* CocoaBirdAuthenticatorViewController.h */ = {isa = PBXFileReference; fileEncoding = 4; lastKnownFileType = sourcecode.c.h; path = CocoaBirdAuthenticatorViewController.h; sourceTree = "<group>"; };
		BC3D2A5A1399E6EA00C56B9C /* CocoaBirdAuthenticatorViewController.m */ = {isa = PBXFileReference; fileEncoding = 4; lastKnownFileType = sourcecode.c.objc; path = CocoaBirdAuthenticatorViewController.m; sourceTree = "<group>"; };
		BC3D2A5B1399E6EA00C56B9C /* CocoaBirdAuthenticatorViewController.xib */ = {isa = PBXFileReference; fileEncoding = 4; lastKnownFileType = file.xib; path = CocoaBirdAuthenticatorViewController.xib; sourceTree = "<group>"; };
		BC3D2A8F139ABADF00C56B9C /* CocoaBirdModal.h */ = {isa = PBXFileReference; fileEncoding = 4; lastKnownFileType = sourcecode.c.h; path = CocoaBirdModal.h; sourceTree = "<group>"; };
		BC3D2A90139ABADF00C56B9C /* CocoaBirdModal.m */ = {isa = PBXFileReference; fileEncoding = 4; lastKnownFileType = sourcecode.c.objc; path = CocoaBirdModal.m; sourceTree = "<group>"; };
		BC3D2B04139AED9000C56B9C /* NSMutableURLRequest+Parameters.h */ = {isa = PBXFileReference; fileEncoding = 4; lastKnownFileType = sourcecode.c.h; path = "NSMutableURLRequest+Parameters.h"; sourceTree = "<group>"; };
		BC3D2B05139AED9000C56B9C /* NSMutableURLRequest+Parameters.m */ = {isa = PBXFileReference; fileEncoding = 4; lastKnownFileType = sourcecode.c.objc; path = "NSMutableURLRequest+Parameters.m"; sourceTree = "<group>"; };
		BC3D2B06139AED9000C56B9C /* NSString+URLEncoding.h */ = {isa = PBXFileReference; fileEncoding = 4; lastKnownFileType = sourcecode.c.h; path = "NSString+URLEncoding.h"; sourceTree = "<group>"; };
		BC3D2B07139AED9000C56B9C /* NSString+URLEncoding.m */ = {isa = PBXFileReference; fileEncoding = 4; lastKnownFileType = sourcecode.c.objc; path = "NSString+URLEncoding.m"; sourceTree = "<group>"; };
		BC3D2B08139AED9000C56B9C /* NSURL+Base.h */ = {isa = PBXFileReference; fileEncoding = 4; lastKnownFileType = sourcecode.c.h; path = "NSURL+Base.h"; sourceTree = "<group>"; };
		BC3D2B09139AED9000C56B9C /* NSURL+Base.m */ = {isa = PBXFileReference; fileEncoding = 4; lastKnownFileType = sourcecode.c.objc; path = "NSURL+Base.m"; sourceTree = "<group>"; };
		BC3D2B0B139AED9000C56B9C /* Base64Transcoder.c */ = {isa = PBXFileReference; fileEncoding = 4; lastKnownFileType = sourcecode.c.c; path = Base64Transcoder.c; sourceTree = "<group>"; };
		BC3D2B0C139AED9000C56B9C /* Base64Transcoder.h */ = {isa = PBXFileReference; fileEncoding = 4; lastKnownFileType = sourcecode.c.h; path = Base64Transcoder.h; sourceTree = "<group>"; };
		BC3D2B0D139AED9000C56B9C /* hmac.c */ = {isa = PBXFileReference; fileEncoding = 4; lastKnownFileType = sourcecode.c.c; path = hmac.c; sourceTree = "<group>"; };
		BC3D2B0E139AED9000C56B9C /* hmac.h */ = {isa = PBXFileReference; fileEncoding = 4; lastKnownFileType = sourcecode.c.h; path = hmac.h; sourceTree = "<group>"; };
		BC3D2B0F139AED9000C56B9C /* sha1.c */ = {isa = PBXFileReference; fileEncoding = 4; lastKnownFileType = sourcecode.c.c; path = sha1.c; sourceTree = "<group>"; };
		BC3D2B10139AED9000C56B9C /* sha1.h */ = {isa = PBXFileReference; fileEncoding = 4; lastKnownFileType = sourcecode.c.h; path = sha1.h; sourceTree = "<group>"; };
		BC3D2B11139AED9000C56B9C /* OAAttachment.h */ = {isa = PBXFileReference; fileEncoding = 4; lastKnownFileType = sourcecode.c.h; path = OAAttachment.h; sourceTree = "<group>"; };
		BC3D2B12139AED9000C56B9C /* OAAttachment.m */ = {isa = PBXFileReference; fileEncoding = 4; lastKnownFileType = sourcecode.c.objc; path = OAAttachment.m; sourceTree = "<group>"; };
		BC3D2B13139AED9000C56B9C /* OACall.h */ = {isa = PBXFileReference; fileEncoding = 4; lastKnownFileType = sourcecode.c.h; path = OACall.h; sourceTree = "<group>"; };
		BC3D2B14139AED9000C56B9C /* OACall.m */ = {isa = PBXFileReference; fileEncoding = 4; lastKnownFileType = sourcecode.c.objc; path = OACall.m; sourceTree = "<group>"; };
		BC3D2B15139AED9000C56B9C /* OAConsumer.h */ = {isa = PBXFileReference; fileEncoding = 4; lastKnownFileType = sourcecode.c.h; path = OAConsumer.h; sourceTree = "<group>"; };
		BC3D2B16139AED9000C56B9C /* OAConsumer.m */ = {isa = PBXFileReference; fileEncoding = 4; lastKnownFileType = sourcecode.c.objc; path = OAConsumer.m; sourceTree = "<group>"; };
		BC3D2B17139AED9000C56B9C /* OADataFetcher.h */ = {isa = PBXFileReference; fileEncoding = 4; lastKnownFileType = sourcecode.c.h; path = OADataFetcher.h; sourceTree = "<group>"; };
		BC3D2B18139AED9000C56B9C /* OADataFetcher.m */ = {isa = PBXFileReference; fileEncoding = 4; lastKnownFileType = sourcecode.c.objc; path = OADataFetcher.m; sourceTree = "<group>"; };
		BC3D2B19139AED9000C56B9C /* OAHMAC_SHA1SignatureProvider.h */ = {isa = PBXFileReference; fileEncoding = 4; lastKnownFileType = sourcecode.c.h; path = OAHMAC_SHA1SignatureProvider.h; sourceTree = "<group>"; };
		BC3D2B1A139AED9000C56B9C /* OAHMAC_SHA1SignatureProvider.m */ = {isa = PBXFileReference; fileEncoding = 4; lastKnownFileType = sourcecode.c.objc; path = OAHMAC_SHA1SignatureProvider.m; sourceTree = "<group>"; };
		BC3D2B1B139AED9000C56B9C /* OAMutableURLRequest.h */ = {isa = PBXFileReference; fileEncoding = 4; lastKnownFileType = sourcecode.c.h; path = OAMutableURLRequest.h; sourceTree = "<group>"; };
		BC3D2B1C139AED9000C56B9C /* OAMutableURLRequest.m */ = {isa = PBXFileReference; fileEncoding = 4; lastKnownFileType = sourcecode.c.objc; path = OAMutableURLRequest.m; sourceTree = "<group>"; };
		BC3D2B1D139AED9000C56B9C /* OAPlaintextSignatureProvider.h */ = {isa = PBXFileReference; fileEncoding = 4; lastKnownFileType = sourcecode.c.h; path = OAPlaintextSignatureProvider.h; sourceTree = "<group>"; };
		BC3D2B1E139AED9000C56B9C /* OAPlaintextSignatureProvider.m */ = {isa = PBXFileReference; fileEncoding = 4; lastKnownFileType = sourcecode.c.objc; path = OAPlaintextSignatureProvider.m; sourceTree = "<group>"; };
		BC3D2B1F139AED9000C56B9C /* OAProblem.h */ = {isa = PBXFileReference; fileEncoding = 4; lastKnownFileType = sourcecode.c.h; path = OAProblem.h; sourceTree = "<group>"; };
		BC3D2B20139AED9000C56B9C /* OAProblem.m */ = {isa = PBXFileReference; fileEncoding = 4; lastKnownFileType = sourcecode.c.objc; path = OAProblem.m; sourceTree = "<group>"; };
		BC3D2B21139AED9000C56B9C /* OARequestParameter.h */ = {isa = PBXFileReference; fileEncoding = 4; lastKnownFileType = sourcecode.c.h; path = OARequestParameter.h; sourceTree = "<group>"; };
		BC3D2B22139AED9000C56B9C /* OARequestParameter.m */ = {isa = PBXFileReference; fileEncoding = 4; lastKnownFileType = sourcecode.c.objc; path = OARequestParameter.m; sourceTree = "<group>"; };
		BC3D2B23139AED9000C56B9C /* OAServiceTicket.h */ = {isa = PBXFileReference; fileEncoding = 4; lastKnownFileType = sourcecode.c.h; path = OAServiceTicket.h; sourceTree = "<group>"; };
		BC3D2B24139AED9000C56B9C /* OAServiceTicket.m */ = {isa = PBXFileReference; fileEncoding = 4; lastKnownFileType = sourcecode.c.objc; path = OAServiceTicket.m; sourceTree = "<group>"; };
		BC3D2B25139AED9000C56B9C /* OASignatureProviding.h */ = {isa = PBXFileReference; fileEncoding = 4; lastKnownFileType = sourcecode.c.h; path = OASignatureProviding.h; sourceTree = "<group>"; };
		BC3D2B26139AED9000C56B9C /* OATestServer.rb */ = {isa = PBXFileReference; fileEncoding = 4; lastKnownFileType = text.script.ruby; path = OATestServer.rb; sourceTree = "<group>"; };
		BC3D2B27139AED9000C56B9C /* OAToken.h */ = {isa = PBXFileReference; fileEncoding = 4; lastKnownFileType = sourcecode.c.h; path = OAToken.h; sourceTree = "<group>"; };
		BC3D2B28139AED9000C56B9C /* OAToken.m */ = {isa = PBXFileReference; fileEncoding = 4; lastKnownFileType = sourcecode.c.objc; path = OAToken.m; sourceTree = "<group>"; };
		BC3D2B29139AED9000C56B9C /* OATokenManager.h */ = {isa = PBXFileReference; fileEncoding = 4; lastKnownFileType = sourcecode.c.h; path = OATokenManager.h; sourceTree = "<group>"; };
		BC3D2B2A139AED9000C56B9C /* OATokenManager.m */ = {isa = PBXFileReference; fileEncoding = 4; lastKnownFileType = sourcecode.c.objc; path = OATokenManager.m; sourceTree = "<group>"; };
		BC3D2B2B139AED9000C56B9C /* OAuthConsumer.h */ = {isa = PBXFileReference; fileEncoding = 4; lastKnownFileType = sourcecode.c.h; path = OAuthConsumer.h; sourceTree = "<group>"; };
		BC3D2B3F139AEF2800C56B9C /* CocoaBirdOAuthTokenRetriever.h */ = {isa = PBXFileReference; fileEncoding = 4; lastKnownFileType = sourcecode.c.h; path = CocoaBirdOAuthTokenRetriever.h; sourceTree = "<group>"; };
		BC3D2B40139AEF2900C56B9C /* CocoaBirdOAuthTokenRetriever.m */ = {isa = PBXFileReference; fileEncoding = 4; lastKnownFileType = sourcecode.c.objc; path = CocoaBirdOAuthTokenRetriever.m; sourceTree = "<group>"; };
		BC3D2B56139BF23900C56B9C /* JSON.h */ = {isa = PBXFileReference; fileEncoding = 4; lastKnownFileType = sourcecode.c.h; path = JSON.h; sourceTree = "<group>"; };
		BC3D2B57139BF23900C56B9C /* NSObject+SBJSON.h */ = {isa = PBXFileReference; fileEncoding = 4; lastKnownFileType = sourcecode.c.h; path = "NSObject+SBJSON.h"; sourceTree = "<group>"; };
		BC3D2B58139BF23900C56B9C /* NSObject+SBJSON.m */ = {isa = PBXFileReference; fileEncoding = 4; lastKnownFileType = sourcecode.c.objc; path = "NSObject+SBJSON.m"; sourceTree = "<group>"; };
		BC3D2B59139BF23900C56B9C /* NSString+SBJSON.h */ = {isa = PBXFileReference; fileEncoding = 4; lastKnownFileType = sourcecode.c.h; path = "NSString+SBJSON.h"; sourceTree = "<group>"; };
		BC3D2B5A139BF23900C56B9C /* NSString+SBJSON.m */ = {isa = PBXFileReference; fileEncoding = 4; lastKnownFileType = sourcecode.c.objc; path = "NSString+SBJSON.m"; sourceTree = "<group>"; };
		BC3D2B5B139BF23900C56B9C /* SBJSON.h */ = {isa = PBXFileReference; fileEncoding = 4; lastKnownFileType = sourcecode.c.h; path = SBJSON.h; sourceTree = "<group>"; };
		BC3D2B5C139BF23900C56B9C /* SBJSON.m */ = {isa = PBXFileReference; fileEncoding = 4; lastKnownFileType = sourcecode.c.objc; path = SBJSON.m; sourceTree = "<group>"; };
		BC3D2B5D139BF23900C56B9C /* SBJsonBase.h */ = {isa = PBXFileReference; fileEncoding = 4; lastKnownFileType = sourcecode.c.h; path = SBJsonBase.h; sourceTree = "<group>"; };
		BC3D2B5E139BF23900C56B9C /* SBJsonBase.m */ = {isa = PBXFileReference; fileEncoding = 4; lastKnownFileType = sourcecode.c.objc; path = SBJsonBase.m; sourceTree = "<group>"; };
		BC3D2B5F139BF23900C56B9C /* SBJsonParser.h */ = {isa = PBXFileReference; fileEncoding = 4; lastKnownFileType = sourcecode.c.h; path = SBJsonParser.h; sourceTree = "<group>"; };
		BC3D2B60139BF23900C56B9C /* SBJsonParser.m */ = {isa = PBXFileReference; fileEncoding = 4; lastKnownFileType = sourcecode.c.objc; path = SBJsonParser.m; sourceTree = "<group>"; };
		BC3D2B61139BF23900C56B9C /* SBJsonWriter.h */ = {isa = PBXFileReference; fileEncoding = 4; lastKnownFileType = sourcecode.c.h; path = SBJsonWriter.h; sourceTree = "<group>"; };
		BC3D2B62139BF23900C56B9C /* SBJsonWriter.m */ = {isa = PBXFileReference; fileEncoding = 4; lastKnownFileType = sourcecode.c.objc; path = SBJsonWriter.m; sourceTree = "<group>"; };
		BC3D2B6C139BF38000C56B9C /* CBStatus.h */ = {isa = PBXFileReference; fileEncoding = 4; lastKnownFileType = sourcecode.c.h; path = CBStatus.h; sourceTree = "<group>"; };
		BC3D2B6D139BF38000C56B9C /* CBStatus.m */ = {isa = PBXFileReference; fileEncoding = 4; lastKnownFileType = sourcecode.c.objc; path = CBStatus.m; sourceTree = "<group>"; };
		BC3D2B84139C187700C56B9C /* CBEntity.h */ = {isa = PBXFileReference; fileEncoding = 4; lastKnownFileType = sourcecode.c.h; path = CBEntity.h; sourceTree = "<group>"; };
		BC3D2B85139C187700C56B9C /* CBEntity.m */ = {isa = PBXFileReference; fileEncoding = 4; lastKnownFileType = sourcecode.c.objc; path = CBEntity.m; sourceTree = "<group>"; };
		BC3D2B87139C1C0F00C56B9C /* CBUser.h */ = {isa = PBXFileReference; fileEncoding = 4; lastKnownFileType = sourcecode.c.h; path = CBUser.h; sourceTree = "<group>"; };
		BC3D2B88139C1C1000C56B9C /* CBUser.m */ = {isa = PBXFileReference; fileEncoding = 4; lastKnownFileType = sourcecode.c.objc; path = CBUser.m; sourceTree = "<group>"; };
		BC3D2B8A139C224900C56B9C /* CBCoordinates.h */ = {isa = PBXFileReference; fileEncoding = 4; lastKnownFileType = sourcecode.c.h; path = CBCoordinates.h; sourceTree = "<group>"; };
		BC3D2B8B139C224900C56B9C /* CBCoordinates.m */ = {isa = PBXFileReference; fileEncoding = 4; lastKnownFileType = sourcecode.c.objc; path = CBCoordinates.m; sourceTree = "<group>"; };
		BC3D2B8D139C232500C56B9C /* CBEntities.h */ = {isa = PBXFileReference; fileEncoding = 4; lastKnownFileType = sourcecode.c.h; path = CBEntities.h; sourceTree = "<group>"; };
		BC3D2B8E139C232500C56B9C /* CBEntities.m */ = {isa = PBXFileReference; fileEncoding = 4; lastKnownFileType = sourcecode.c.objc; path = CBEntities.m; sourceTree = "<group>"; };
		BC3D2B90139C23FC00C56B9C /* CBMediaEntity.h */ = {isa = PBXFileReference; fileEncoding = 4; lastKnownFileType = sourcecode.c.h; path = CBMediaEntity.h; sourceTree = "<group>"; };
		BC3D2B91139C23FD00C56B9C /* CBMediaEntity.m */ = {isa = PBXFileReference; fileEncoding = 4; lastKnownFileType = sourcecode.c.objc; path = CBMediaEntity.m; sourceTree = "<group>"; };
		BC3D2B93139C24EE00C56B9C /* CBMediaSizes.h */ = {isa = PBXFileReference; fileEncoding = 4; lastKnownFileType = sourcecode.c.h; path = CBMediaSizes.h; sourceTree = "<group>"; };
		BC3D2B94139C24EF00C56B9C /* CBMediaSizes.m */ = {isa = PBXFileReference; fileEncoding = 4; lastKnownFileType = sourcecode.c.objc; path = CBMediaSizes.m; sourceTree = "<group>"; };
		BC3D2B96139C256400C56B9C /* CBMediaSize.h */ = {isa = PBXFileReference; fileEncoding = 4; lastKnownFileType = sourcecode.c.h; path = CBMediaSize.h; sourceTree = "<group>"; };
		BC3D2B97139C256500C56B9C /* CBMediaSize.m */ = {isa = PBXFileReference; fileEncoding = 4; lastKnownFileType = sourcecode.c.objc; path = CBMediaSize.m; sourceTree = "<group>"; };
		BC3D2B99139C275300C56B9C /* CBUrlEntity.h */ = {isa = PBXFileReference; fileEncoding = 4; lastKnownFileType = sourcecode.c.h; path = CBUrlEntity.h; sourceTree = "<group>"; };
		BC3D2B9A139C275400C56B9C /* CBUrlEntity.m */ = {isa = PBXFileReference; fileEncoding = 4; lastKnownFileType = sourcecode.c.objc; path = CBUrlEntity.m; sourceTree = "<group>"; };
		BC3D2B9C139C27F600C56B9C /* CBUserMentionEntity.h */ = {isa = PBXFileReference; fileEncoding = 4; lastKnownFileType = sourcecode.c.h; path = CBUserMentionEntity.h; sourceTree = "<group>"; };
		BC3D2B9D139C27F800C56B9C /* CBUserMentionEntity.m */ = {isa = PBXFileReference; fileEncoding = 4; lastKnownFileType = sourcecode.c.objc; path = CBUserMentionEntity.m; sourceTree = "<group>"; };
		BC3D2B9F139C287B00C56B9C /* CBHashTagEntity.h */ = {isa = PBXFileReference; fileEncoding = 4; lastKnownFileType = sourcecode.c.h; path = CBHashTagEntity.h; sourceTree = "<group>"; };
		BC3D2BA0139C287C00C56B9C /* CBHashTagEntity.m */ = {isa = PBXFileReference; fileEncoding = 4; lastKnownFileType = sourcecode.c.objc; path = CBHashTagEntity.m; sourceTree = "<group>"; };
		BC3D2BA2139C29F600C56B9C /* CBPlace.h */ = {isa = PBXFileReference; fileEncoding = 4; lastKnownFileType = sourcecode.c.h; path = CBPlace.h; sourceTree = "<group>"; };
		BC3D2BA3139C29F800C56B9C /* CBPlace.m */ = {isa = PBXFileReference; fileEncoding = 4; lastKnownFileType = sourcecode.c.objc; path = CBPlace.m; sourceTree = "<group>"; };
		BC3D2BA5139C2A6200C56B9C /* CBPlaceAttributes.h */ = {isa = PBXFileReference; fileEncoding = 4; lastKnownFileType = sourcecode.c.h; path = CBPlaceAttributes.h; sourceTree = "<group>"; };
		BC3D2BA6139C2A6300C56B9C /* CBPlaceAttributes.m */ = {isa = PBXFileReference; fileEncoding = 4; lastKnownFileType = sourcecode.c.objc; path = CBPlaceAttributes.m; sourceTree = "<group>"; };
		BC3D2BA8139C2BF800C56B9C /* CBBoundingBox.h */ = {isa = PBXFileReference; fileEncoding = 4; path = CBBoundingBox.h; sourceTree = "<group>"; };
		BC3D2BA9139C2BF900C56B9C /* CBBoundingBox.m */ = {isa = PBXFileReference; fileEncoding = 4; lastKnownFileType = sourcecode.c.objc; path = CBBoundingBox.m; sourceTree = "<group>"; };
		BC76984113999CF2009A7FA1 /* ASIAuthenticationDialog.h */ = {isa = PBXFileReference; fileEncoding = 4; lastKnownFileType = sourcecode.c.h; path = ASIAuthenticationDialog.h; sourceTree = "<group>"; };
		BC76984213999CF2009A7FA1 /* ASIAuthenticationDialog.m */ = {isa = PBXFileReference; fileEncoding = 4; lastKnownFileType = sourcecode.c.objc; path = ASIAuthenticationDialog.m; sourceTree = "<group>"; };
		BC76984313999CF2009A7FA1 /* ASICacheDelegate.h */ = {isa = PBXFileReference; fileEncoding = 4; lastKnownFileType = sourcecode.c.h; path = ASICacheDelegate.h; sourceTree = "<group>"; };
		BC76984413999CF2009A7FA1 /* ASIDataCompressor.h */ = {isa = PBXFileReference; fileEncoding = 4; lastKnownFileType = sourcecode.c.h; path = ASIDataCompressor.h; sourceTree = "<group>"; };
		BC76984513999CF2009A7FA1 /* ASIDataCompressor.m */ = {isa = PBXFileReference; fileEncoding = 4; lastKnownFileType = sourcecode.c.objc; path = ASIDataCompressor.m; sourceTree = "<group>"; };
		BC76984613999CF2009A7FA1 /* ASIDataDecompressor.h */ = {isa = PBXFileReference; fileEncoding = 4; lastKnownFileType = sourcecode.c.h; path = ASIDataDecompressor.h; sourceTree = "<group>"; };
		BC76984713999CF2009A7FA1 /* ASIDataDecompressor.m */ = {isa = PBXFileReference; fileEncoding = 4; lastKnownFileType = sourcecode.c.objc; path = ASIDataDecompressor.m; sourceTree = "<group>"; };
		BC76984813999CF2009A7FA1 /* ASIDownloadCache.h */ = {isa = PBXFileReference; fileEncoding = 4; lastKnownFileType = sourcecode.c.h; path = ASIDownloadCache.h; sourceTree = "<group>"; };
		BC76984913999CF2009A7FA1 /* ASIDownloadCache.m */ = {isa = PBXFileReference; fileEncoding = 4; lastKnownFileType = sourcecode.c.objc; path = ASIDownloadCache.m; sourceTree = "<group>"; };
		BC76984A13999CF2009A7FA1 /* ASIFormDataRequest.h */ = {isa = PBXFileReference; fileEncoding = 4; lastKnownFileType = sourcecode.c.h; path = ASIFormDataRequest.h; sourceTree = "<group>"; };
		BC76984B13999CF2009A7FA1 /* ASIFormDataRequest.m */ = {isa = PBXFileReference; fileEncoding = 4; lastKnownFileType = sourcecode.c.objc; path = ASIFormDataRequest.m; sourceTree = "<group>"; };
		BC76984E13999CF2009A7FA1 /* ASIHTTPRequestConfig.h */ = {isa = PBXFileReference; fileEncoding = 4; lastKnownFileType = sourcecode.c.h; path = ASIHTTPRequestConfig.h; sourceTree = "<group>"; };
		BC76984F13999CF2009A7FA1 /* ASIHTTPRequestDelegate.h */ = {isa = PBXFileReference; fileEncoding = 4; lastKnownFileType = sourcecode.c.h; path = ASIHTTPRequestDelegate.h; sourceTree = "<group>"; };
		BC76985013999CF2009A7FA1 /* ASIInputStream.h */ = {isa = PBXFileReference; fileEncoding = 4; lastKnownFileType = sourcecode.c.h; path = ASIInputStream.h; sourceTree = "<group>"; };
		BC76985113999CF2009A7FA1 /* ASIInputStream.m */ = {isa = PBXFileReference; fileEncoding = 4; lastKnownFileType = sourcecode.c.objc; path = ASIInputStream.m; sourceTree = "<group>"; };
		BC76985213999CF2009A7FA1 /* ASINetworkQueue.h */ = {isa = PBXFileReference; fileEncoding = 4; lastKnownFileType = sourcecode.c.h; path = ASINetworkQueue.h; sourceTree = "<group>"; };
		BC76985313999CF2009A7FA1 /* ASINetworkQueue.m */ = {isa = PBXFileReference; fileEncoding = 4; lastKnownFileType = sourcecode.c.objc; path = ASINetworkQueue.m; sourceTree = "<group>"; };
		BC76985413999CF2009A7FA1 /* ASIProgressDelegate.h */ = {isa = PBXFileReference; fileEncoding = 4; lastKnownFileType = sourcecode.c.h; path = ASIProgressDelegate.h; sourceTree = "<group>"; };
		BC76985513999CF2009A7FA1 /* ASIWebPageRequest.h */ = {isa = PBXFileReference; fileEncoding = 4; lastKnownFileType = sourcecode.c.h; path = ASIWebPageRequest.h; sourceTree = "<group>"; };
		BC76985613999CF2009A7FA1 /* ASIWebPageRequest.m */ = {isa = PBXFileReference; fileEncoding = 4; lastKnownFileType = sourcecode.c.objc; path = ASIWebPageRequest.m; sourceTree = "<group>"; };
		BC76985813999CF2009A7FA1 /* ASICloudFilesCDNRequest.h */ = {isa = PBXFileReference; fileEncoding = 4; lastKnownFileType = sourcecode.c.h; path = ASICloudFilesCDNRequest.h; sourceTree = "<group>"; };
		BC76985913999CF2009A7FA1 /* ASICloudFilesCDNRequest.m */ = {isa = PBXFileReference; fileEncoding = 4; lastKnownFileType = sourcecode.c.objc; path = ASICloudFilesCDNRequest.m; sourceTree = "<group>"; };
		BC76985A13999CF2009A7FA1 /* ASICloudFilesContainer.h */ = {isa = PBXFileReference; fileEncoding = 4; lastKnownFileType = sourcecode.c.h; path = ASICloudFilesContainer.h; sourceTree = "<group>"; };
		BC76985B13999CF2009A7FA1 /* ASICloudFilesContainer.m */ = {isa = PBXFileReference; fileEncoding = 4; lastKnownFileType = sourcecode.c.objc; path = ASICloudFilesContainer.m; sourceTree = "<group>"; };
		BC76985C13999CF2009A7FA1 /* ASICloudFilesContainerRequest.h */ = {isa = PBXFileReference; fileEncoding = 4; lastKnownFileType = sourcecode.c.h; path = ASICloudFilesContainerRequest.h; sourceTree = "<group>"; };
		BC76985D13999CF2009A7FA1 /* ASICloudFilesContainerRequest.m */ = {isa = PBXFileReference; fileEncoding = 4; lastKnownFileType = sourcecode.c.objc; path = ASICloudFilesContainerRequest.m; sourceTree = "<group>"; };
		BC76985E13999CF2009A7FA1 /* ASICloudFilesContainerXMLParserDelegate.h */ = {isa = PBXFileReference; fileEncoding = 4; lastKnownFileType = sourcecode.c.h; path = ASICloudFilesContainerXMLParserDelegate.h; sourceTree = "<group>"; };
		BC76985F13999CF2009A7FA1 /* ASICloudFilesContainerXMLParserDelegate.m */ = {isa = PBXFileReference; fileEncoding = 4; lastKnownFileType = sourcecode.c.objc; path = ASICloudFilesContainerXMLParserDelegate.m; sourceTree = "<group>"; };
		BC76986013999CF2009A7FA1 /* ASICloudFilesObject.h */ = {isa = PBXFileReference; fileEncoding = 4; lastKnownFileType = sourcecode.c.h; path = ASICloudFilesObject.h; sourceTree = "<group>"; };
		BC76986113999CF2009A7FA1 /* ASICloudFilesObject.m */ = {isa = PBXFileReference; fileEncoding = 4; lastKnownFileType = sourcecode.c.objc; path = ASICloudFilesObject.m; sourceTree = "<group>"; };
		BC76986213999CF2009A7FA1 /* ASICloudFilesObjectRequest.h */ = {isa = PBXFileReference; fileEncoding = 4; lastKnownFileType = sourcecode.c.h; path = ASICloudFilesObjectRequest.h; sourceTree = "<group>"; };
		BC76986313999CF2009A7FA1 /* ASICloudFilesObjectRequest.m */ = {isa = PBXFileReference; fileEncoding = 4; lastKnownFileType = sourcecode.c.objc; path = ASICloudFilesObjectRequest.m; sourceTree = "<group>"; };
		BC76986413999CF2009A7FA1 /* ASICloudFilesRequest.h */ = {isa = PBXFileReference; fileEncoding = 4; lastKnownFileType = sourcecode.c.h; path = ASICloudFilesRequest.h; sourceTree = "<group>"; };
		BC76986513999CF2009A7FA1 /* ASICloudFilesRequest.m */ = {isa = PBXFileReference; fileEncoding = 4; lastKnownFileType = sourcecode.c.objc; path = ASICloudFilesRequest.m; sourceTree = "<group>"; };
		BC76986713999CF2009A7FA1 /* ASINSXMLParserCompat.h */ = {isa = PBXFileReference; fileEncoding = 4; lastKnownFileType = sourcecode.c.h; path = ASINSXMLParserCompat.h; sourceTree = "<group>"; };
		BC76986813999CF2009A7FA1 /* ASIS3Bucket.h */ = {isa = PBXFileReference; fileEncoding = 4; lastKnownFileType = sourcecode.c.h; path = ASIS3Bucket.h; sourceTree = "<group>"; };
		BC76986913999CF2009A7FA1 /* ASIS3Bucket.m */ = {isa = PBXFileReference; fileEncoding = 4; lastKnownFileType = sourcecode.c.objc; path = ASIS3Bucket.m; sourceTree = "<group>"; };
		BC76986A13999CF2009A7FA1 /* ASIS3BucketObject.h */ = {isa = PBXFileReference; fileEncoding = 4; lastKnownFileType = sourcecode.c.h; path = ASIS3BucketObject.h; sourceTree = "<group>"; };
		BC76986B13999CF2009A7FA1 /* ASIS3BucketObject.m */ = {isa = PBXFileReference; fileEncoding = 4; lastKnownFileType = sourcecode.c.objc; path = ASIS3BucketObject.m; sourceTree = "<group>"; };
		BC76986C13999CF2009A7FA1 /* ASIS3BucketRequest.h */ = {isa = PBXFileReference; fileEncoding = 4; lastKnownFileType = sourcecode.c.h; path = ASIS3BucketRequest.h; sourceTree = "<group>"; };
		BC76986D13999CF2009A7FA1 /* ASIS3BucketRequest.m */ = {isa = PBXFileReference; fileEncoding = 4; lastKnownFileType = sourcecode.c.objc; path = ASIS3BucketRequest.m; sourceTree = "<group>"; };
		BC76986E13999CF2009A7FA1 /* ASIS3ObjectRequest.h */ = {isa = PBXFileReference; fileEncoding = 4; lastKnownFileType = sourcecode.c.h; path = ASIS3ObjectRequest.h; sourceTree = "<group>"; };
		BC76986F13999CF2009A7FA1 /* ASIS3ObjectRequest.m */ = {isa = PBXFileReference; fileEncoding = 4; lastKnownFileType = sourcecode.c.objc; path = ASIS3ObjectRequest.m; sourceTree = "<group>"; };
		BC76987013999CF2009A7FA1 /* ASIS3Request.h */ = {isa = PBXFileReference; fileEncoding = 4; lastKnownFileType = sourcecode.c.h; path = ASIS3Request.h; sourceTree = "<group>"; };
		BC76987113999CF2009A7FA1 /* ASIS3Request.m */ = {isa = PBXFileReference; fileEncoding = 4; lastKnownFileType = sourcecode.c.objc; path = ASIS3Request.m; sourceTree = "<group>"; };
		BC76987213999CF2009A7FA1 /* ASIS3ServiceRequest.h */ = {isa = PBXFileReference; fileEncoding = 4; lastKnownFileType = sourcecode.c.h; path = ASIS3ServiceRequest.h; sourceTree = "<group>"; };
		BC76987313999CF2009A7FA1 /* ASIS3ServiceRequest.m */ = {isa = PBXFileReference; fileEncoding = 4; lastKnownFileType = sourcecode.c.objc; path = ASIS3ServiceRequest.m; sourceTree = "<group>"; };
		BC7698B413999D3C009A7FA1 /* libxml2.dylib */ = {isa = PBXFileReference; lastKnownFileType = "compiled.mach-o.dylib"; name = libxml2.dylib; path = usr/lib/libxml2.dylib; sourceTree = SDKROOT; };
		BC7698B613999DCF009A7FA1 /* SystemConfiguration.framework */ = {isa = PBXFileReference; lastKnownFileType = wrapper.framework; name = SystemConfiguration.framework; path = System/Library/Frameworks/SystemConfiguration.framework; sourceTree = SDKROOT; };
		BC7698B813999DDD009A7FA1 /* MobileCoreServices.framework */ = {isa = PBXFileReference; lastKnownFileType = wrapper.framework; name = MobileCoreServices.framework; path = System/Library/Frameworks/MobileCoreServices.framework; sourceTree = SDKROOT; };
		BC7698BA13999DED009A7FA1 /* libz.1.2.3.dylib */ = {isa = PBXFileReference; lastKnownFileType = "compiled.mach-o.dylib"; name = libz.1.2.3.dylib; path = usr/lib/libz.1.2.3.dylib; sourceTree = SDKROOT; };
		BC7698BD13999F67009A7FA1 /* Reachability.h */ = {isa = PBXFileReference; fileEncoding = 4; lastKnownFileType = sourcecode.c.h; path = Reachability.h; sourceTree = "<group>"; };
		BC7698BE13999F67009A7FA1 /* Reachability.m */ = {isa = PBXFileReference; fileEncoding = 4; lastKnownFileType = sourcecode.c.objc; path = Reachability.m; sourceTree = "<group>"; };
		BC7698C01399A00D009A7FA1 /* CFNetwork.framework */ = {isa = PBXFileReference; lastKnownFileType = wrapper.framework; name = CFNetwork.framework; path = System/Library/Frameworks/CFNetwork.framework; sourceTree = SDKROOT; };
		BC7698C31399A2CF009A7FA1 /* ASIBase64Transcoder.c */ = {isa = PBXFileReference; fileEncoding = 4; lastKnownFileType = sourcecode.c.c; path = ASIBase64Transcoder.c; sourceTree = "<group>"; };
		BC7698C41399A2CF009A7FA1 /* ASIBase64Transcoder.h */ = {isa = PBXFileReference; fileEncoding = 4; lastKnownFileType = sourcecode.c.h; path = ASIBase64Transcoder.h; sourceTree = "<group>"; };
		BC7698C51399A2CF009A7FA1 /* ASIFormDataRequest+OAuth.h */ = {isa = PBXFileReference; fileEncoding = 4; lastKnownFileType = sourcecode.c.h; path = "ASIFormDataRequest+OAuth.h"; sourceTree = "<group>"; };
		BC7698C61399A2CF009A7FA1 /* ASIFormDataRequest+OAuth.m */ = {isa = PBXFileReference; fileEncoding = 4; lastKnownFileType = sourcecode.c.objc; path = "ASIFormDataRequest+OAuth.m"; sourceTree = "<group>"; };
		BC7698C71399A2CF009A7FA1 /* ASIHTTPRequest+OAuth.h */ = {isa = PBXFileReference; fileEncoding = 4; lastKnownFileType = sourcecode.c.h; path = "ASIHTTPRequest+OAuth.h"; sourceTree = "<group>"; };
		BC7698C81399A2CF009A7FA1 /* ASIHTTPRequest+OAuth.m */ = {isa = PBXFileReference; fileEncoding = 4; lastKnownFileType = sourcecode.c.objc; path = "ASIHTTPRequest+OAuth.m"; sourceTree = "<group>"; };
		BC7698C91399A2CF009A7FA1 /* ASIHTTPRequest.m */ = {isa = PBXFileReference; fileEncoding = 4; lastKnownFileType = sourcecode.c.objc; path = ASIHTTPRequest.m; sourceTree = "<group>"; };
		BC7698CE1399A34E009A7FA1 /* ASIHTTPRequest.h */ = {isa = PBXFileReference; fileEncoding = 4; lastKnownFileType = sourcecode.c.h; path = ASIHTTPRequest.h; sourceTree = "<group>"; };
		BCBEC0041399945300FB5FA9 /* TestCocoaBird.app */ = {isa = PBXFileReference; explicitFileType = wrapper.application; includeInIndex = 0; path = TestCocoaBird.app; sourceTree = BUILT_PRODUCTS_DIR; };
		BCBEC0081399945300FB5FA9 /* UIKit.framework */ = {isa = PBXFileReference; lastKnownFileType = wrapper.framework; name = UIKit.framework; path = System/Library/Frameworks/UIKit.framework; sourceTree = SDKROOT; };
		BCBEC00A1399945300FB5FA9 /* Foundation.framework */ = {isa = PBXFileReference; lastKnownFileType = wrapper.framework; name = Foundation.framework; path = System/Library/Frameworks/Foundation.framework; sourceTree = SDKROOT; };
		BCBEC00C1399945300FB5FA9 /* CoreGraphics.framework */ = {isa = PBXFileReference; lastKnownFileType = wrapper.framework; name = CoreGraphics.framework; path = System/Library/Frameworks/CoreGraphics.framework; sourceTree = SDKROOT; };
		BCBEC0101399945300FB5FA9 /* TestCocoaBird-Info.plist */ = {isa = PBXFileReference; lastKnownFileType = text.plist.xml; path = "TestCocoaBird-Info.plist"; sourceTree = "<group>"; };
		BCBEC0121399945300FB5FA9 /* en */ = {isa = PBXFileReference; lastKnownFileType = text.plist.strings; name = en; path = en.lproj/InfoPlist.strings; sourceTree = "<group>"; };
		BCBEC0141399945300FB5FA9 /* TestCocoaBird-Prefix.pch */ = {isa = PBXFileReference; lastKnownFileType = sourcecode.c.h; path = "TestCocoaBird-Prefix.pch"; sourceTree = "<group>"; };
		BCBEC0151399945300FB5FA9 /* main.m */ = {isa = PBXFileReference; lastKnownFileType = sourcecode.c.objc; path = main.m; sourceTree = "<group>"; };
		BCBEC0171399945300FB5FA9 /* TestCocoaBirdAppDelegate.h */ = {isa = PBXFileReference; lastKnownFileType = sourcecode.c.h; path = TestCocoaBirdAppDelegate.h; sourceTree = "<group>"; };
		BCBEC0181399945300FB5FA9 /* TestCocoaBirdAppDelegate.m */ = {isa = PBXFileReference; lastKnownFileType = sourcecode.c.objc; path = TestCocoaBirdAppDelegate.m; sourceTree = "<group>"; };
		BCBEC01B1399945300FB5FA9 /* en */ = {isa = PBXFileReference; lastKnownFileType = file.xib; name = en; path = en.lproj/MainWindow.xib; sourceTree = "<group>"; };
/* End PBXFileReference section */

/* Begin PBXFrameworksBuildPhase section */
		BCBEC0011399945300FB5FA9 /* Frameworks */ = {
			isa = PBXFrameworksBuildPhase;
			buildActionMask = 2147483647;
			files = (
				BC7698C11399A00D009A7FA1 /* CFNetwork.framework in Frameworks */,
				BC7698BB13999DED009A7FA1 /* libz.1.2.3.dylib in Frameworks */,
				BC7698B913999DDD009A7FA1 /* MobileCoreServices.framework in Frameworks */,
				BC7698B713999DCF009A7FA1 /* SystemConfiguration.framework in Frameworks */,
				BC7698B513999D3C009A7FA1 /* libxml2.dylib in Frameworks */,
				BCBEC0091399945300FB5FA9 /* UIKit.framework in Frameworks */,
				BCBEC00B1399945300FB5FA9 /* Foundation.framework in Frameworks */,
				BCBEC00D1399945300FB5FA9 /* CoreGraphics.framework in Frameworks */,
			);
			runOnlyForDeploymentPostprocessing = 0;
		};
/* End PBXFrameworksBuildPhase section */

/* Begin PBXGroup section */
		BC3D2A371399B44D00C56B9C /* Classes */ = {
			isa = PBXGroup;
			children = (
				BC3D2B6B139BF30500C56B9C /* Models */,
				BC3D2A381399B73300C56B9C /* CocoaBird.h */,
				BC3D2A391399B73300C56B9C /* CocoaBird.m */,
				BC3D2A4B1399BA3900C56B9C /* CocoaBirdSettings.h */,
				BC3D2A4C1399BA3900C56B9C /* CocoaBirdSettings.m */,
				BC3D2A561399BF3000C56B9C /* CocoaBirdAuthenticator.h */,
				BC3D2A571399BF3000C56B9C /* CocoaBirdAuthenticator.m */,
				BC3D2A591399E6EA00C56B9C /* CocoaBirdAuthenticatorViewController.h */,
				BC3D2A5A1399E6EA00C56B9C /* CocoaBirdAuthenticatorViewController.m */,
				BC3D2A5B1399E6EA00C56B9C /* CocoaBirdAuthenticatorViewController.xib */,
				BC3D2A8F139ABADF00C56B9C /* CocoaBirdModal.h */,
				BC3D2A90139ABADF00C56B9C /* CocoaBirdModal.m */,
				BC3D2B3F139AEF2800C56B9C /* CocoaBirdOAuthTokenRetriever.h */,
				BC3D2B40139AEF2900C56B9C /* CocoaBirdOAuthTokenRetriever.m */,
			);
			path = Classes;
			sourceTree = "<group>";
		};
		BC3D2A92139AEB4200C56B9C /* OAuthConsumer */ = {
			isa = PBXGroup;
			children = (
				BC3D2B03139AED9000C56B9C /* Categories */,
				BC3D2B0A139AED9000C56B9C /* Crypto */,
				BC3D2B11139AED9000C56B9C /* OAAttachment.h */,
				BC3D2B12139AED9000C56B9C /* OAAttachment.m */,
				BC3D2B13139AED9000C56B9C /* OACall.h */,
				BC3D2B14139AED9000C56B9C /* OACall.m */,
				BC3D2B15139AED9000C56B9C /* OAConsumer.h */,
				BC3D2B16139AED9000C56B9C /* OAConsumer.m */,
				BC3D2B17139AED9000C56B9C /* OADataFetcher.h */,
				BC3D2B18139AED9000C56B9C /* OADataFetcher.m */,
				BC3D2B19139AED9000C56B9C /* OAHMAC_SHA1SignatureProvider.h */,
				BC3D2B1A139AED9000C56B9C /* OAHMAC_SHA1SignatureProvider.m */,
				BC3D2B1B139AED9000C56B9C /* OAMutableURLRequest.h */,
				BC3D2B1C139AED9000C56B9C /* OAMutableURLRequest.m */,
				BC3D2B1D139AED9000C56B9C /* OAPlaintextSignatureProvider.h */,
				BC3D2B1E139AED9000C56B9C /* OAPlaintextSignatureProvider.m */,
				BC3D2B1F139AED9000C56B9C /* OAProblem.h */,
				BC3D2B20139AED9000C56B9C /* OAProblem.m */,
				BC3D2B21139AED9000C56B9C /* OARequestParameter.h */,
				BC3D2B22139AED9000C56B9C /* OARequestParameter.m */,
				BC3D2B23139AED9000C56B9C /* OAServiceTicket.h */,
				BC3D2B24139AED9000C56B9C /* OAServiceTicket.m */,
				BC3D2B25139AED9000C56B9C /* OASignatureProviding.h */,
				BC3D2B26139AED9000C56B9C /* OATestServer.rb */,
				BC3D2B27139AED9000C56B9C /* OAToken.h */,
				BC3D2B28139AED9000C56B9C /* OAToken.m */,
				BC3D2B29139AED9000C56B9C /* OATokenManager.h */,
				BC3D2B2A139AED9000C56B9C /* OATokenManager.m */,
				BC3D2B2B139AED9000C56B9C /* OAuthConsumer.h */,
			);
			path = OAuthConsumer;
			sourceTree = "<group>";
		};
		BC3D2B03139AED9000C56B9C /* Categories */ = {
			isa = PBXGroup;
			children = (
				BC3D2B04139AED9000C56B9C /* NSMutableURLRequest+Parameters.h */,
				BC3D2B05139AED9000C56B9C /* NSMutableURLRequest+Parameters.m */,
				BC3D2B06139AED9000C56B9C /* NSString+URLEncoding.h */,
				BC3D2B07139AED9000C56B9C /* NSString+URLEncoding.m */,
				BC3D2B08139AED9000C56B9C /* NSURL+Base.h */,
				BC3D2B09139AED9000C56B9C /* NSURL+Base.m */,
			);
			path = Categories;
			sourceTree = "<group>";
		};
		BC3D2B0A139AED9000C56B9C /* Crypto */ = {
			isa = PBXGroup;
			children = (
				BC3D2B0B139AED9000C56B9C /* Base64Transcoder.c */,
				BC3D2B0C139AED9000C56B9C /* Base64Transcoder.h */,
				BC3D2B0D139AED9000C56B9C /* hmac.c */,
				BC3D2B0E139AED9000C56B9C /* hmac.h */,
				BC3D2B0F139AED9000C56B9C /* sha1.c */,
				BC3D2B10139AED9000C56B9C /* sha1.h */,
			);
			path = Crypto;
			sourceTree = "<group>";
		};
		BC3D2B52139BF23900C56B9C /* JSON */ = {
			isa = PBXGroup;
			children = (
				BC3D2B55139BF23900C56B9C /* JSON-FRAMEWORK */,
			);
			path = JSON;
			sourceTree = "<group>";
		};
		BC3D2B55139BF23900C56B9C /* JSON-FRAMEWORK */ = {
			isa = PBXGroup;
			children = (
				BC3D2B56139BF23900C56B9C /* JSON.h */,
				BC3D2B57139BF23900C56B9C /* NSObject+SBJSON.h */,
				BC3D2B58139BF23900C56B9C /* NSObject+SBJSON.m */,
				BC3D2B59139BF23900C56B9C /* NSString+SBJSON.h */,
				BC3D2B5A139BF23900C56B9C /* NSString+SBJSON.m */,
				BC3D2B5B139BF23900C56B9C /* SBJSON.h */,
				BC3D2B5C139BF23900C56B9C /* SBJSON.m */,
				BC3D2B5D139BF23900C56B9C /* SBJsonBase.h */,
				BC3D2B5E139BF23900C56B9C /* SBJsonBase.m */,
				BC3D2B5F139BF23900C56B9C /* SBJsonParser.h */,
				BC3D2B60139BF23900C56B9C /* SBJsonParser.m */,
				BC3D2B61139BF23900C56B9C /* SBJsonWriter.h */,
				BC3D2B62139BF23900C56B9C /* SBJsonWriter.m */,
			);
			path = "JSON-FRAMEWORK";
			sourceTree = "<group>";
		};
		BC3D2B6B139BF30500C56B9C /* Models */ = {
			isa = PBXGroup;
			children = (
				BC3D2B6C139BF38000C56B9C /* CBStatus.h */,
				BC3D2B6D139BF38000C56B9C /* CBStatus.m */,
				BC3D2B84139C187700C56B9C /* CBEntity.h */,
				BC3D2B85139C187700C56B9C /* CBEntity.m */,
				BC3D2B87139C1C0F00C56B9C /* CBUser.h */,
				BC3D2B88139C1C1000C56B9C /* CBUser.m */,
				BC3D2B8A139C224900C56B9C /* CBCoordinates.h */,
				BC3D2B8B139C224900C56B9C /* CBCoordinates.m */,
				BC3D2B8D139C232500C56B9C /* CBEntities.h */,
				BC3D2B8E139C232500C56B9C /* CBEntities.m */,
				BC3D2B90139C23FC00C56B9C /* CBMediaEntity.h */,
				BC3D2B91139C23FD00C56B9C /* CBMediaEntity.m */,
				BC3D2B93139C24EE00C56B9C /* CBMediaSizes.h */,
				BC3D2B94139C24EF00C56B9C /* CBMediaSizes.m */,
				BC3D2B96139C256400C56B9C /* CBMediaSize.h */,
				BC3D2B97139C256500C56B9C /* CBMediaSize.m */,
				BC3D2B99139C275300C56B9C /* CBUrlEntity.h */,
				BC3D2B9A139C275400C56B9C /* CBUrlEntity.m */,
				BC3D2B9C139C27F600C56B9C /* CBUserMentionEntity.h */,
				BC3D2B9D139C27F800C56B9C /* CBUserMentionEntity.m */,
				BC3D2B9F139C287B00C56B9C /* CBHashTagEntity.h */,
				BC3D2BA0139C287C00C56B9C /* CBHashTagEntity.m */,
				BC3D2BA2139C29F600C56B9C /* CBPlace.h */,
				BC3D2BA3139C29F800C56B9C /* CBPlace.m */,
				BC3D2BA5139C2A6200C56B9C /* CBPlaceAttributes.h */,
				BC3D2BA6139C2A6300C56B9C /* CBPlaceAttributes.m */,
				BC3D2BA8139C2BF800C56B9C /* CBBoundingBox.h */,
				BC3D2BA9139C2BF900C56B9C /* CBBoundingBox.m */,
			);
			path = Models;
			sourceTree = "<group>";
		};
		BC76983F13999CF2009A7FA1 /* Libs */ = {
			isa = PBXGroup;
			children = (
				BC3D2B52139BF23900C56B9C /* JSON */,
				BC3D2A92139AEB4200C56B9C /* OAuthConsumer */,
				BC7698C21399A2CF009A7FA1 /* asi-oauth */,
				BC7698BC13999F67009A7FA1 /* Reachability */,
				BC76984013999CF2009A7FA1 /* asi-http-request */,
			);
			path = Libs;
			sourceTree = "<group>";
		};
		BC76984013999CF2009A7FA1 /* asi-http-request */ = {
			isa = PBXGroup;
			children = (
				BC76984113999CF2009A7FA1 /* ASIAuthenticationDialog.h */,
				BC76984213999CF2009A7FA1 /* ASIAuthenticationDialog.m */,
				BC76984313999CF2009A7FA1 /* ASICacheDelegate.h */,
				BC76984413999CF2009A7FA1 /* ASIDataCompressor.h */,
				BC76984513999CF2009A7FA1 /* ASIDataCompressor.m */,
				BC76984613999CF2009A7FA1 /* ASIDataDecompressor.h */,
				BC76984713999CF2009A7FA1 /* ASIDataDecompressor.m */,
				BC76984813999CF2009A7FA1 /* ASIDownloadCache.h */,
				BC76984913999CF2009A7FA1 /* ASIDownloadCache.m */,
				BC76984A13999CF2009A7FA1 /* ASIFormDataRequest.h */,
				BC76984B13999CF2009A7FA1 /* ASIFormDataRequest.m */,
				BC76984E13999CF2009A7FA1 /* ASIHTTPRequestConfig.h */,
				BC76984F13999CF2009A7FA1 /* ASIHTTPRequestDelegate.h */,
				BC76985013999CF2009A7FA1 /* ASIInputStream.h */,
				BC76985113999CF2009A7FA1 /* ASIInputStream.m */,
				BC76985213999CF2009A7FA1 /* ASINetworkQueue.h */,
				BC76985313999CF2009A7FA1 /* ASINetworkQueue.m */,
				BC76985413999CF2009A7FA1 /* ASIProgressDelegate.h */,
				BC76985513999CF2009A7FA1 /* ASIWebPageRequest.h */,
				BC76985613999CF2009A7FA1 /* ASIWebPageRequest.m */,
				BC76985713999CF2009A7FA1 /* CloudFiles */,
				BC76986613999CF2009A7FA1 /* S3 */,
			);
			path = "asi-http-request";
			sourceTree = "<group>";
		};
		BC76985713999CF2009A7FA1 /* CloudFiles */ = {
			isa = PBXGroup;
			children = (
				BC76985813999CF2009A7FA1 /* ASICloudFilesCDNRequest.h */,
				BC76985913999CF2009A7FA1 /* ASICloudFilesCDNRequest.m */,
				BC76985A13999CF2009A7FA1 /* ASICloudFilesContainer.h */,
				BC76985B13999CF2009A7FA1 /* ASICloudFilesContainer.m */,
				BC76985C13999CF2009A7FA1 /* ASICloudFilesContainerRequest.h */,
				BC76985D13999CF2009A7FA1 /* ASICloudFilesContainerRequest.m */,
				BC76985E13999CF2009A7FA1 /* ASICloudFilesContainerXMLParserDelegate.h */,
				BC76985F13999CF2009A7FA1 /* ASICloudFilesContainerXMLParserDelegate.m */,
				BC76986013999CF2009A7FA1 /* ASICloudFilesObject.h */,
				BC76986113999CF2009A7FA1 /* ASICloudFilesObject.m */,
				BC76986213999CF2009A7FA1 /* ASICloudFilesObjectRequest.h */,
				BC76986313999CF2009A7FA1 /* ASICloudFilesObjectRequest.m */,
				BC76986413999CF2009A7FA1 /* ASICloudFilesRequest.h */,
				BC76986513999CF2009A7FA1 /* ASICloudFilesRequest.m */,
			);
			path = CloudFiles;
			sourceTree = "<group>";
		};
		BC76986613999CF2009A7FA1 /* S3 */ = {
			isa = PBXGroup;
			children = (
				BC76986713999CF2009A7FA1 /* ASINSXMLParserCompat.h */,
				BC76986813999CF2009A7FA1 /* ASIS3Bucket.h */,
				BC76986913999CF2009A7FA1 /* ASIS3Bucket.m */,
				BC76986A13999CF2009A7FA1 /* ASIS3BucketObject.h */,
				BC76986B13999CF2009A7FA1 /* ASIS3BucketObject.m */,
				BC76986C13999CF2009A7FA1 /* ASIS3BucketRequest.h */,
				BC76986D13999CF2009A7FA1 /* ASIS3BucketRequest.m */,
				BC76986E13999CF2009A7FA1 /* ASIS3ObjectRequest.h */,
				BC76986F13999CF2009A7FA1 /* ASIS3ObjectRequest.m */,
				BC76987013999CF2009A7FA1 /* ASIS3Request.h */,
				BC76987113999CF2009A7FA1 /* ASIS3Request.m */,
				BC76987213999CF2009A7FA1 /* ASIS3ServiceRequest.h */,
				BC76987313999CF2009A7FA1 /* ASIS3ServiceRequest.m */,
			);
			path = S3;
			sourceTree = "<group>";
		};
		BC7698BC13999F67009A7FA1 /* Reachability */ = {
			isa = PBXGroup;
			children = (
				BC7698BD13999F67009A7FA1 /* Reachability.h */,
				BC7698BE13999F67009A7FA1 /* Reachability.m */,
			);
			path = Reachability;
			sourceTree = "<group>";
		};
		BC7698C21399A2CF009A7FA1 /* asi-oauth */ = {
			isa = PBXGroup;
			children = (
				BC7698CE1399A34E009A7FA1 /* ASIHTTPRequest.h */,
				BC7698C91399A2CF009A7FA1 /* ASIHTTPRequest.m */,
				BC7698C31399A2CF009A7FA1 /* ASIBase64Transcoder.c */,
				BC7698C41399A2CF009A7FA1 /* ASIBase64Transcoder.h */,
				BC7698C51399A2CF009A7FA1 /* ASIFormDataRequest+OAuth.h */,
				BC7698C61399A2CF009A7FA1 /* ASIFormDataRequest+OAuth.m */,
				BC7698C71399A2CF009A7FA1 /* ASIHTTPRequest+OAuth.h */,
				BC7698C81399A2CF009A7FA1 /* ASIHTTPRequest+OAuth.m */,
			);
			path = "asi-oauth";
			sourceTree = "<group>";
		};
		BCBEBFF91399945300FB5FA9 = {
			isa = PBXGroup;
			children = (
				BCBEC0221399946200FB5FA9 /* CocoaBird */,
				BCBEC00E1399945300FB5FA9 /* TestCocoaBird */,
				BCBEC0071399945300FB5FA9 /* Frameworks */,
				BCBEC0051399945300FB5FA9 /* Products */,
			);
			sourceTree = "<group>";
		};
		BCBEC0051399945300FB5FA9 /* Products */ = {
			isa = PBXGroup;
			children = (
				BCBEC0041399945300FB5FA9 /* TestCocoaBird.app */,
			);
			name = Products;
			sourceTree = "<group>";
		};
		BCBEC0071399945300FB5FA9 /* Frameworks */ = {
			isa = PBXGroup;
			children = (
				BC7698C01399A00D009A7FA1 /* CFNetwork.framework */,
				BC7698BA13999DED009A7FA1 /* libz.1.2.3.dylib */,
				BC7698B813999DDD009A7FA1 /* MobileCoreServices.framework */,
				BC7698B613999DCF009A7FA1 /* SystemConfiguration.framework */,
				BC7698B413999D3C009A7FA1 /* libxml2.dylib */,
				BCBEC0081399945300FB5FA9 /* UIKit.framework */,
				BCBEC00A1399945300FB5FA9 /* Foundation.framework */,
				BCBEC00C1399945300FB5FA9 /* CoreGraphics.framework */,
			);
			name = Frameworks;
			sourceTree = "<group>";
		};
		BCBEC00E1399945300FB5FA9 /* TestCocoaBird */ = {
			isa = PBXGroup;
			children = (
				BCBEC0171399945300FB5FA9 /* TestCocoaBirdAppDelegate.h */,
				BCBEC0181399945300FB5FA9 /* TestCocoaBirdAppDelegate.m */,
				BCBEC01A1399945300FB5FA9 /* MainWindow.xib */,
				BC3D2A311399B2A500C56B9C /* RootController.h */,
				BC3D2A321399B2A500C56B9C /* RootController.m */,
				BC3D2A331399B2A500C56B9C /* RootController.xib */,
				BCBEC00F1399945300FB5FA9 /* Supporting Files */,
			);
			path = TestCocoaBird;
			sourceTree = "<group>";
		};
		BCBEC00F1399945300FB5FA9 /* Supporting Files */ = {
			isa = PBXGroup;
			children = (
				BCBEC0101399945300FB5FA9 /* TestCocoaBird-Info.plist */,
				BCBEC0111399945300FB5FA9 /* InfoPlist.strings */,
				BCBEC0141399945300FB5FA9 /* TestCocoaBird-Prefix.pch */,
				BCBEC0151399945300FB5FA9 /* main.m */,
			);
			name = "Supporting Files";
			sourceTree = "<group>";
		};
		BCBEC0221399946200FB5FA9 /* CocoaBird */ = {
			isa = PBXGroup;
			children = (
				BC3D2A371399B44D00C56B9C /* Classes */,
				BC76983F13999CF2009A7FA1 /* Libs */,
			);
			name = CocoaBird;
			path = ../CocoaBird;
			sourceTree = "<group>";
		};
/* End PBXGroup section */

/* Begin PBXNativeTarget section */
		BCBEC0031399945300FB5FA9 /* TestCocoaBird */ = {
			isa = PBXNativeTarget;
			buildConfigurationList = BCBEC01F1399945300FB5FA9 /* Build configuration list for PBXNativeTarget "TestCocoaBird" */;
			buildPhases = (
				BCBEC0001399945300FB5FA9 /* Sources */,
				BCBEC0011399945300FB5FA9 /* Frameworks */,
				BCBEC0021399945300FB5FA9 /* Resources */,
			);
			buildRules = (
			);
			dependencies = (
			);
			name = TestCocoaBird;
			productName = TestCocoaBird;
			productReference = BCBEC0041399945300FB5FA9 /* TestCocoaBird.app */;
			productType = "com.apple.product-type.application";
		};
/* End PBXNativeTarget section */

/* Begin PBXProject section */
		BCBEBFFB1399945300FB5FA9 /* Project object */ = {
			isa = PBXProject;
			buildConfigurationList = BCBEBFFE1399945300FB5FA9 /* Build configuration list for PBXProject "TestCocoaBird" */;
			compatibilityVersion = "Xcode 3.2";
			developmentRegion = English;
			hasScannedForEncodings = 0;
			knownRegions = (
				en,
			);
			mainGroup = BCBEBFF91399945300FB5FA9;
			productRefGroup = BCBEC0051399945300FB5FA9 /* Products */;
			projectDirPath = "";
			projectRoot = "";
			targets = (
				BCBEC0031399945300FB5FA9 /* TestCocoaBird */,
			);
		};
/* End PBXProject section */

/* Begin PBXResourcesBuildPhase section */
		BCBEC0021399945300FB5FA9 /* Resources */ = {
			isa = PBXResourcesBuildPhase;
			buildActionMask = 2147483647;
			files = (
				BCBEC0131399945300FB5FA9 /* InfoPlist.strings in Resources */,
				BCBEC01C1399945300FB5FA9 /* MainWindow.xib in Resources */,
				BC3D2A351399B2A500C56B9C /* RootController.xib in Resources */,
				BC3D2A5D1399E6EA00C56B9C /* CocoaBirdAuthenticatorViewController.xib in Resources */,
				BC3D2B3C139AED9000C56B9C /* OATestServer.rb in Resources */,
			);
			runOnlyForDeploymentPostprocessing = 0;
		};
/* End PBXResourcesBuildPhase section */

/* Begin PBXSourcesBuildPhase section */
		BCBEC0001399945300FB5FA9 /* Sources */ = {
			isa = PBXSourcesBuildPhase;
			buildActionMask = 2147483647;
			files = (
				BCBEC0161399945300FB5FA9 /* main.m in Sources */,
				BCBEC0191399945300FB5FA9 /* TestCocoaBirdAppDelegate.m in Sources */,
				BC76989013999CF2009A7FA1 /* ASIAuthenticationDialog.m in Sources */,
				BC76989113999CF2009A7FA1 /* ASIDataCompressor.m in Sources */,
				BC76989213999CF2009A7FA1 /* ASIDataDecompressor.m in Sources */,
				BC76989313999CF2009A7FA1 /* ASIDownloadCache.m in Sources */,
				BC76989413999CF2009A7FA1 /* ASIFormDataRequest.m in Sources */,
				BC76989613999CF2009A7FA1 /* ASIInputStream.m in Sources */,
				BC76989713999CF2009A7FA1 /* ASINetworkQueue.m in Sources */,
				BC76989813999CF2009A7FA1 /* ASIWebPageRequest.m in Sources */,
				BC76989913999CF2009A7FA1 /* ASICloudFilesCDNRequest.m in Sources */,
				BC76989A13999CF2009A7FA1 /* ASICloudFilesContainer.m in Sources */,
				BC76989B13999CF2009A7FA1 /* ASICloudFilesContainerRequest.m in Sources */,
				BC76989C13999CF2009A7FA1 /* ASICloudFilesContainerXMLParserDelegate.m in Sources */,
				BC76989D13999CF2009A7FA1 /* ASICloudFilesObject.m in Sources */,
				BC76989E13999CF2009A7FA1 /* ASICloudFilesObjectRequest.m in Sources */,
				BC76989F13999CF2009A7FA1 /* ASICloudFilesRequest.m in Sources */,
				BC7698A013999CF2009A7FA1 /* ASIS3Bucket.m in Sources */,
				BC7698A113999CF2009A7FA1 /* ASIS3BucketObject.m in Sources */,
				BC7698A213999CF2009A7FA1 /* ASIS3BucketRequest.m in Sources */,
				BC7698A313999CF2009A7FA1 /* ASIS3ObjectRequest.m in Sources */,
				BC7698A413999CF2009A7FA1 /* ASIS3Request.m in Sources */,
				BC7698A513999CF2009A7FA1 /* ASIS3ServiceRequest.m in Sources */,
				BC7698BF13999F67009A7FA1 /* Reachability.m in Sources */,
				BC7698CA1399A2CF009A7FA1 /* ASIBase64Transcoder.c in Sources */,
				BC7698CB1399A2CF009A7FA1 /* ASIFormDataRequest+OAuth.m in Sources */,
				BC7698CC1399A2CF009A7FA1 /* ASIHTTPRequest+OAuth.m in Sources */,
				BC7698CD1399A2CF009A7FA1 /* ASIHTTPRequest.m in Sources */,
				BC3D2A341399B2A500C56B9C /* RootController.m in Sources */,
				BC3D2A3A1399B73300C56B9C /* CocoaBird.m in Sources */,
				BC3D2A4D1399BA3900C56B9C /* CocoaBirdSettings.m in Sources */,
				BC3D2A581399BF3000C56B9C /* CocoaBirdAuthenticator.m in Sources */,
				BC3D2A5C1399E6EA00C56B9C /* CocoaBirdAuthenticatorViewController.m in Sources */,
				BC3D2A91139ABADF00C56B9C /* CocoaBirdModal.m in Sources */,
				BC3D2B2C139AED9000C56B9C /* NSMutableURLRequest+Parameters.m in Sources */,
				BC3D2B2D139AED9000C56B9C /* NSString+URLEncoding.m in Sources */,
				BC3D2B2E139AED9000C56B9C /* NSURL+Base.m in Sources */,
				BC3D2B2F139AED9000C56B9C /* Base64Transcoder.c in Sources */,
				BC3D2B30139AED9000C56B9C /* hmac.c in Sources */,
				BC3D2B31139AED9000C56B9C /* sha1.c in Sources */,
				BC3D2B32139AED9000C56B9C /* OAAttachment.m in Sources */,
				BC3D2B33139AED9000C56B9C /* OACall.m in Sources */,
				BC3D2B34139AED9000C56B9C /* OAConsumer.m in Sources */,
				BC3D2B35139AED9000C56B9C /* OADataFetcher.m in Sources */,
				BC3D2B36139AED9000C56B9C /* OAHMAC_SHA1SignatureProvider.m in Sources */,
				BC3D2B37139AED9000C56B9C /* OAMutableURLRequest.m in Sources */,
				BC3D2B38139AED9000C56B9C /* OAPlaintextSignatureProvider.m in Sources */,
				BC3D2B39139AED9000C56B9C /* OAProblem.m in Sources */,
				BC3D2B3A139AED9000C56B9C /* OARequestParameter.m in Sources */,
				BC3D2B3B139AED9000C56B9C /* OAServiceTicket.m in Sources */,
				BC3D2B3D139AED9000C56B9C /* OAToken.m in Sources */,
				BC3D2B3E139AED9000C56B9C /* OATokenManager.m in Sources */,
				BC3D2B41139AEF2900C56B9C /* CocoaBirdOAuthTokenRetriever.m in Sources */,
				BC3D2B64139BF23900C56B9C /* NSObject+SBJSON.m in Sources */,
				BC3D2B65139BF23900C56B9C /* NSString+SBJSON.m in Sources */,
				BC3D2B66139BF23900C56B9C /* SBJSON.m in Sources */,
				BC3D2B67139BF23900C56B9C /* SBJsonBase.m in Sources */,
				BC3D2B68139BF23900C56B9C /* SBJsonParser.m in Sources */,
				BC3D2B69139BF23900C56B9C /* SBJsonWriter.m in Sources */,
				BC3D2B6E139BF38000C56B9C /* CBStatus.m in Sources */,
				BC3D2B86139C187700C56B9C /* CBEntity.m in Sources */,
				BC3D2B89139C1C1000C56B9C /* CBUser.m in Sources */,
				BC3D2B8C139C224A00C56B9C /* CBCoordinates.m in Sources */,
				BC3D2B8F139C232600C56B9C /* CBEntities.m in Sources */,
				BC3D2B92139C23FD00C56B9C /* CBMediaEntity.m in Sources */,
				BC3D2B95139C24EF00C56B9C /* CBMediaSizes.m in Sources */,
				BC3D2B98139C256600C56B9C /* CBMediaSize.m in Sources */,
				BC3D2B9B139C275600C56B9C /* CBUrlEntity.m in Sources */,
				BC3D2B9E139C27F900C56B9C /* CBUserMentionEntity.m in Sources */,
				BC3D2BA1139C287D00C56B9C /* CBHashTagEntity.m in Sources */,
				BC3D2BA4139C29F900C56B9C /* CBPlace.m in Sources */,
				BC3D2BA7139C2A6600C56B9C /* CBPlaceAttributes.m in Sources */,
				BC3D2BAA139C2BFB00C56B9C /* CBBoundingBox.m in Sources */,
			);
			runOnlyForDeploymentPostprocessing = 0;
		};
/* End PBXSourcesBuildPhase section */

/* Begin PBXVariantGroup section */
		BCBEC0111399945300FB5FA9 /* InfoPlist.strings */ = {
			isa = PBXVariantGroup;
			children = (
				BCBEC0121399945300FB5FA9 /* en */,
			);
			name = InfoPlist.strings;
			sourceTree = "<group>";
		};
		BCBEC01A1399945300FB5FA9 /* MainWindow.xib */ = {
			isa = PBXVariantGroup;
			children = (
				BCBEC01B1399945300FB5FA9 /* en */,
			);
			name = MainWindow.xib;
			sourceTree = "<group>";
		};
/* End PBXVariantGroup section */

/* Begin XCBuildConfiguration section */
		BCBEC01D1399945300FB5FA9 /* Debug */ = {
			isa = XCBuildConfiguration;
			buildSettings = {
				ARCHS = "$(ARCHS_STANDARD_32_BIT)";
				"CODE_SIGN_IDENTITY[sdk=iphoneos*]" = "iPhone Developer";
				GCC_C_LANGUAGE_STANDARD = gnu99;
				GCC_OPTIMIZATION_LEVEL = 0;
				GCC_PREPROCESSOR_DEFINITIONS = DEBUG;
				GCC_SYMBOLS_PRIVATE_EXTERN = NO;
				GCC_VERSION = com.apple.compilers.llvmgcc42;
				GCC_WARN_ABOUT_RETURN_TYPE = YES;
				GCC_WARN_UNUSED_VARIABLE = YES;
				IPHONEOS_DEPLOYMENT_TARGET = 4.3;
				SDKROOT = iphoneos;
			};
			name = Debug;
		};
		BCBEC01E1399945300FB5FA9 /* Release */ = {
			isa = XCBuildConfiguration;
			buildSettings = {
				ARCHS = "$(ARCHS_STANDARD_32_BIT)";
				"CODE_SIGN_IDENTITY[sdk=iphoneos*]" = "iPhone Developer";
				GCC_C_LANGUAGE_STANDARD = gnu99;
				GCC_VERSION = com.apple.compilers.llvmgcc42;
				GCC_WARN_ABOUT_RETURN_TYPE = YES;
				GCC_WARN_UNUSED_VARIABLE = YES;
				IPHONEOS_DEPLOYMENT_TARGET = 4.3;
				OTHER_CFLAGS = "-DNS_BLOCK_ASSERTIONS=1";
				SDKROOT = iphoneos;
			};
			name = Release;
		};
		BCBEC0201399945300FB5FA9 /* Debug */ = {
			isa = XCBuildConfiguration;
			buildSettings = {
				ALWAYS_SEARCH_USER_PATHS = NO;
				COPY_PHASE_STRIP = NO;
				GCC_DYNAMIC_NO_PIC = NO;
				GCC_PRECOMPILE_PREFIX_HEADER = YES;
				GCC_PREFIX_HEADER = "TestCocoaBird/TestCocoaBird-Prefix.pch";
				HEADER_SEARCH_PATHS = "${SDK_DIR}/usr/include/libxml2";
				INFOPLIST_FILE = "TestCocoaBird/TestCocoaBird-Info.plist";
				PRODUCT_NAME = "$(TARGET_NAME)";
				WRAPPER_EXTENSION = app;
			};
			name = Debug;
		};
		BCBEC0211399945300FB5FA9 /* Release */ = {
			isa = XCBuildConfiguration;
			buildSettings = {
				ALWAYS_SEARCH_USER_PATHS = NO;
				COPY_PHASE_STRIP = YES;
				GCC_PRECOMPILE_PREFIX_HEADER = YES;
				GCC_PREFIX_HEADER = "TestCocoaBird/TestCocoaBird-Prefix.pch";
				HEADER_SEARCH_PATHS = "${SDK_DIR}/usr/include/libxml2";
				INFOPLIST_FILE = "TestCocoaBird/TestCocoaBird-Info.plist";
				PRODUCT_NAME = "$(TARGET_NAME)";
				VALIDATE_PRODUCT = YES;
				WRAPPER_EXTENSION = app;
			};
			name = Release;
		};
/* End XCBuildConfiguration section */

/* Begin XCConfigurationList section */
		BCBEBFFE1399945300FB5FA9 /* Build configuration list for PBXProject "TestCocoaBird" */ = {
			isa = XCConfigurationList;
			buildConfigurations = (
				BCBEC01D1399945300FB5FA9 /* Debug */,
				BCBEC01E1399945300FB5FA9 /* Release */,
			);
			defaultConfigurationIsVisible = 0;
			defaultConfigurationName = Release;
		};
		BCBEC01F1399945300FB5FA9 /* Build configuration list for PBXNativeTarget "TestCocoaBird" */ = {
			isa = XCConfigurationList;
			buildConfigurations = (
				BCBEC0201399945300FB5FA9 /* Debug */,
				BCBEC0211399945300FB5FA9 /* Release */,
			);
			defaultConfigurationIsVisible = 0;
			defaultConfigurationName = Release;
		};
/* End XCConfigurationList section */
	};
	rootObject = BCBEBFFB1399945300FB5FA9 /* Project object */;
}
